
Microsoft Visual Studio Solution File, Format Version 12.00
# Visual Studio Version 17
VisualStudioVersion = 17.2.32516.85
MinimumVisualStudioVersion = 10.0.40219.1
Project("{2150E333-8FDC-42A3-9474-1A3956D46DE8}") = "01 - Presentation", "01 - Presentation", "{CD137582-30F5-4875-8481-C9017FAC9AE3}"
EndProject
Project("{9A19103F-16F7-4668-BE54-9A1E7A4F7556}") = "TheBIADevCompany.BIADemo.Presentation.Api", "TheBIADevCompany.BIADemo.Presentation.Api\TheBIADevCompany.BIADemo.Presentation.Api.csproj", "{2B3C0DF8-44C3-4F12-A248-19C370D32DCE}"
EndProject
Project("{2150E333-8FDC-42A3-9474-1A3956D46DE8}") = "02 - Application", "02 - Application", "{EBD788A9-9C14-4751-AF22-5C8928D09525}"
EndProject
Project("{9A19103F-16F7-4668-BE54-9A1E7A4F7556}") = "TheBIADevCompany.BIADemo.Application", "TheBIADevCompany.BIADemo.Application\TheBIADevCompany.BIADemo.Application.csproj", "{3931751C-8C65-4B60-AC65-93E799C751F0}"
EndProject
Project("{2150E333-8FDC-42A3-9474-1A3956D46DE8}") = "03 - Domain", "03 - Domain", "{5D661929-3F9A-4617-8406-46A3C133BB2E}"
EndProject
Project("{9A19103F-16F7-4668-BE54-9A1E7A4F7556}") = "TheBIADevCompany.BIADemo.Domain", "TheBIADevCompany.BIADemo.Domain\TheBIADevCompany.BIADemo.Domain.csproj", "{91A9AE09-5D12-4B93-B9CD-F69732C976B3}"
EndProject
Project("{9A19103F-16F7-4668-BE54-9A1E7A4F7556}") = "TheBIADevCompany.BIADemo.Domain.Dto", "TheBIADevCompany.BIADemo.Domain.Dto\TheBIADevCompany.BIADemo.Domain.Dto.csproj", "{7363EC20-0B47-4BC6-8A33-DCD852346660}"
EndProject
Project("{2150E333-8FDC-42A3-9474-1A3956D46DE8}") = "04 - Infrastructure", "04 - Infrastructure", "{C9EE7482-A883-4D78-86C1-9575FDF7C1BE}"
EndProject
Project("{9A19103F-16F7-4668-BE54-9A1E7A4F7556}") = "TheBIADevCompany.BIADemo.Infrastructure.Data", "TheBIADevCompany.BIADemo.Infrastructure.Data\TheBIADevCompany.BIADemo.Infrastructure.Data.csproj", "{11BE99EE-6C10-48DF-9F01-45D057E5F8C0}"
EndProject
Project("{2150E333-8FDC-42A3-9474-1A3956D46DE8}") = "05 - Crosscutting", "05 - Crosscutting", "{F7D547DD-7A5D-4CD0-9AE2-07E6CF683025}"
EndProject
Project("{9A19103F-16F7-4668-BE54-9A1E7A4F7556}") = "TheBIADevCompany.BIADemo.Crosscutting.Common", "TheBIADevCompany.BIADemo.Crosscutting.Common\TheBIADevCompany.BIADemo.Crosscutting.Common.csproj", "{61BC44EC-19C2-44C5-A352-D99F19C832CB}"
EndProject
Project("{9A19103F-16F7-4668-BE54-9A1E7A4F7556}") = "TheBIADevCompany.BIADemo.Crosscutting.Ioc", "TheBIADevCompany.BIADemo.Crosscutting.Ioc\TheBIADevCompany.BIADemo.Crosscutting.Ioc.csproj", "{AD8DDF03-2484-43D6-B68A-F34EB70B1EDB}"
EndProject
Project("{9A19103F-16F7-4668-BE54-9A1E7A4F7556}") = "TheBIADevCompany.BIADemo.Infrastructure.Service", "TheBIADevCompany.BIADemo.Infrastructure.Service\TheBIADevCompany.BIADemo.Infrastructure.Service.csproj", "{814971AB-8B45-4EDF-A529-336CAD3D1ECE}"
EndProject
Project("{9A19103F-16F7-4668-BE54-9A1E7A4F7556}") = "TheBIADevCompany.BIADemo.WorkerService", "TheBIADevCompany.BIADemo.WorkerService\TheBIADevCompany.BIADemo.WorkerService.csproj", "{6C976803-D3F2-44B0-B7F6-6B8AAD8DD333}"
EndProject
Project("{2150E333-8FDC-42A3-9474-1A3956D46DE8}") = "AdditionalFiles", "AdditionalFiles", "{25ADA917-6580-4F47-A856-CF04AB8CE7B7}"
	ProjectSection(SolutionItems) = preProject
		.gitignore = .gitignore
		BIA.ruleset = BIA.ruleset
		BIAToolKit.json = BIAToolKit.json
		CHANGELOG.md = CHANGELOG.md
		Directory.Build.props = Directory.Build.props
		README.md = README.md
		Switch-To-Nuget.ps1 = Switch-To-Nuget.ps1
		Switch-To-Project.ps1 = Switch-To-Project.ps1
	EndProjectSection
EndProject
Project("{2150E333-8FDC-42A3-9474-1A3956D46DE8}") = "99 - Test", "99 - Test", "{416ECC3A-996F-4D16-BE5F-0774094FCA27}"
EndProject
Project("{9A19103F-16F7-4668-BE54-9A1E7A4F7556}") = "TheBIADevCompany.BIADemo.Test", "TheBIADevCompany.BIADemo.Test\TheBIADevCompany.BIADemo.Test.csproj", "{99D1E791-6C11-4512-9779-1540FCAAA18C}"
EndProject
Project("{9A19103F-16F7-4668-BE54-9A1E7A4F7556}") = "TheBIADevCompany.BIADemo.DeployDB", "TheBIADevCompany.BIADemo.DeployDB\TheBIADevCompany.BIADemo.DeployDB.csproj", "{56D0D92E-471F-48F9-B0C1-A801BCE01F9B}"
EndProject
Project("{2150E333-8FDC-42A3-9474-1A3956D46DE8}") = "BIAPackage", "BIAPackage", "{ED36B944-897A-6802-08D6-5831AC8137EB}"
EndProject
Project("{FAE04EC0-301F-11D3-BF4B-00C04F79EFBC}") = "BIA.Net.Core.Common", "BIAPackage\BIA.Net.Core.Common\BIA.Net.Core.Common.csproj", "{8855F1EA-6BC1-48F0-A0BC-85A2446EA805}"
EndProject
Project("{FAE04EC0-301F-11D3-BF4B-00C04F79EFBC}") = "BIA.Net.Core.Domain.Dto", "BIAPackage\BIA.Net.Core.Domain.Dto\BIA.Net.Core.Domain.Dto.csproj", "{CFA8A567-7E54-45CA-AAF7-C2992CD72BBF}"
EndProject
Project("{FAE04EC0-301F-11D3-BF4B-00C04F79EFBC}") = "BIA.Net.Core.Domain", "BIAPackage\BIA.Net.Core.Domain\BIA.Net.Core.Domain.csproj", "{D700F9EE-153A-4014-8B51-D283653469CD}"
EndProject
Project("{FAE04EC0-301F-11D3-BF4B-00C04F79EFBC}") = "BIA.Net.Core.Application", "BIAPackage\BIA.Net.Core.Application\BIA.Net.Core.Application.csproj", "{06257973-66D6-4F0D-A5FF-7F9E5BF8ABEE}"
EndProject
Project("{FAE04EC0-301F-11D3-BF4B-00C04F79EFBC}") = "BIA.Net.Core.Infrastructure.Data", "BIAPackage\BIA.Net.Core.Infrastructure.Data\BIA.Net.Core.Infrastructure.Data.csproj", "{EA29707B-36ED-425F-BB64-2AE14F4C654F}"
EndProject
Project("{FAE04EC0-301F-11D3-BF4B-00C04F79EFBC}") = "BIA.Net.Core.Infrastructure.Service", "BIAPackage\BIA.Net.Core.Infrastructure.Service\BIA.Net.Core.Infrastructure.Service.csproj", "{0E7AFF52-9687-4898-A656-40E145B86A7B}"
EndProject
Project("{FAE04EC0-301F-11D3-BF4B-00C04F79EFBC}") = "BIA.Net.Core.Ioc", "BIAPackage\BIA.Net.Core.Ioc\BIA.Net.Core.Ioc.csproj", "{5C124578-48F7-4CC1-AFDC-FEDD34C04222}"
EndProject
Project("{FAE04EC0-301F-11D3-BF4B-00C04F79EFBC}") = "BIA.Net.Core.Presentation.Common", "BIAPackage\BIA.Net.Core.Presentation.Common\BIA.Net.Core.Presentation.Common.csproj", "{24432688-BF56-4389-A875-ACBDF19B676C}"
EndProject
Project("{FAE04EC0-301F-11D3-BF4B-00C04F79EFBC}") = "BIA.Net.Core.Presentation.Api", "BIAPackage\BIA.Net.Core.Presentation.Api\BIA.Net.Core.Presentation.Api.csproj", "{C2A34358-4142-4848-BD92-47AF009A107E}"
EndProject
Project("{FAE04EC0-301F-11D3-BF4B-00C04F79EFBC}") = "BIA.Net.Core.Test", "BIAPackage\BIA.Net.Core.Test\BIA.Net.Core.Test.csproj", "{ACEFCAD1-5B8A-41DD-B7FD-80224E6C36EE}"
EndProject
Project("{FAE04EC0-301F-11D3-BF4B-00C04F79EFBC}") = "BIA.Net.Core.WorkerService", "BIAPackage\BIA.Net.Core.WorkerService\BIA.Net.Core.WorkerService.csproj", "{FD6AB56A-FD38-48F3-B5F9-038E737DED9F}"
EndProject
Project("{FAE04EC0-301F-11D3-BF4B-00C04F79EFBC}") = "NuGetPackage", "BIAPackage\NuGetPackage\NuGetPackage.csproj", "{AC5F197F-329D-4569-9F90-BDD33D9CD60C}"
EndProject
Project("{2150E333-8FDC-42A3-9474-1A3956D46DE8}") = "BIA.Net.Analyzers", "BIA.Net.Analyzers", "{2FCD0DD9-F5A9-33F8-5FCB-EBE9D70024EB}"
EndProject
Project("{FAE04EC0-301F-11D3-BF4B-00C04F79EFBC}") = "BIA.Net.Analyzers", "BIAPackage\BIA.Net.Analyzers\BIA.Net.Analyzers\BIA.Net.Analyzers.csproj", "{351ADEF0-FA91-4B57-A7DD-291188CFABBB}"
EndProject
Project("{FAE04EC0-301F-11D3-BF4B-00C04F79EFBC}") = "BIA.Net.Analyzers.CodeFixes", "BIAPackage\BIA.Net.Analyzers\BIA.Net.Analyzers.CodeFixes\BIA.Net.Analyzers.CodeFixes.csproj", "{78631808-7EDE-4346-BDBC-472D8B234E14}"
EndProject
Project("{FAE04EC0-301F-11D3-BF4B-00C04F79EFBC}") = "BIA.Net.Analyzers.Package", "BIAPackage\BIA.Net.Analyzers\BIA.Net.Analyzers.Package\BIA.Net.Analyzers.Package.csproj", "{2F8F7432-197E-470C-9802-2FA14B50B559}"
EndProject
Project("{FAE04EC0-301F-11D3-BF4B-00C04F79EFBC}") = "BIA.Net.Analyzers.Vsix", "BIAPackage\BIA.Net.Analyzers\BIA.Net.Analyzers.Vsix\BIA.Net.Analyzers.Vsix.csproj", "{B2392827-56A1-4CC6-8CDE-099E82A01753}"
EndProject
Global
	GlobalSection(SolutionConfigurationPlatforms) = preSolution
		Debug|Any CPU = Debug|Any CPU
		Debug|x64 = Debug|x64
		Debug|x86 = Debug|x86
		Release|Any CPU = Release|Any CPU
		Release|x64 = Release|x64
		Release|x86 = Release|x86
	EndGlobalSection
	GlobalSection(ProjectConfigurationPlatforms) = postSolution
		{2B3C0DF8-44C3-4F12-A248-19C370D32DCE}.Debug|Any CPU.ActiveCfg = Debug|Any CPU
		{2B3C0DF8-44C3-4F12-A248-19C370D32DCE}.Debug|Any CPU.Build.0 = Debug|Any CPU
		{2B3C0DF8-44C3-4F12-A248-19C370D32DCE}.Debug|x64.ActiveCfg = Debug|Any CPU
		{2B3C0DF8-44C3-4F12-A248-19C370D32DCE}.Debug|x64.Build.0 = Debug|Any CPU
		{2B3C0DF8-44C3-4F12-A248-19C370D32DCE}.Debug|x86.ActiveCfg = Debug|Any CPU
		{2B3C0DF8-44C3-4F12-A248-19C370D32DCE}.Debug|x86.Build.0 = Debug|Any CPU
		{2B3C0DF8-44C3-4F12-A248-19C370D32DCE}.Release|Any CPU.ActiveCfg = Release|Any CPU
		{2B3C0DF8-44C3-4F12-A248-19C370D32DCE}.Release|Any CPU.Build.0 = Release|Any CPU
		{2B3C0DF8-44C3-4F12-A248-19C370D32DCE}.Release|x64.ActiveCfg = Release|Any CPU
		{2B3C0DF8-44C3-4F12-A248-19C370D32DCE}.Release|x64.Build.0 = Release|Any CPU
		{2B3C0DF8-44C3-4F12-A248-19C370D32DCE}.Release|x86.ActiveCfg = Release|Any CPU
		{2B3C0DF8-44C3-4F12-A248-19C370D32DCE}.Release|x86.Build.0 = Release|Any CPU
		{3931751C-8C65-4B60-AC65-93E799C751F0}.Debug|Any CPU.ActiveCfg = Debug|Any CPU
		{3931751C-8C65-4B60-AC65-93E799C751F0}.Debug|Any CPU.Build.0 = Debug|Any CPU
		{3931751C-8C65-4B60-AC65-93E799C751F0}.Debug|x64.ActiveCfg = Debug|Any CPU
		{3931751C-8C65-4B60-AC65-93E799C751F0}.Debug|x64.Build.0 = Debug|Any CPU
		{3931751C-8C65-4B60-AC65-93E799C751F0}.Debug|x86.ActiveCfg = Debug|Any CPU
		{3931751C-8C65-4B60-AC65-93E799C751F0}.Debug|x86.Build.0 = Debug|Any CPU
		{3931751C-8C65-4B60-AC65-93E799C751F0}.Release|Any CPU.ActiveCfg = Release|Any CPU
		{3931751C-8C65-4B60-AC65-93E799C751F0}.Release|Any CPU.Build.0 = Release|Any CPU
		{3931751C-8C65-4B60-AC65-93E799C751F0}.Release|x64.ActiveCfg = Release|Any CPU
		{3931751C-8C65-4B60-AC65-93E799C751F0}.Release|x64.Build.0 = Release|Any CPU
		{3931751C-8C65-4B60-AC65-93E799C751F0}.Release|x86.ActiveCfg = Release|Any CPU
		{3931751C-8C65-4B60-AC65-93E799C751F0}.Release|x86.Build.0 = Release|Any CPU
		{91A9AE09-5D12-4B93-B9CD-F69732C976B3}.Debug|Any CPU.ActiveCfg = Debug|Any CPU
		{91A9AE09-5D12-4B93-B9CD-F69732C976B3}.Debug|Any CPU.Build.0 = Debug|Any CPU
		{91A9AE09-5D12-4B93-B9CD-F69732C976B3}.Debug|x64.ActiveCfg = Debug|Any CPU
		{91A9AE09-5D12-4B93-B9CD-F69732C976B3}.Debug|x64.Build.0 = Debug|Any CPU
		{91A9AE09-5D12-4B93-B9CD-F69732C976B3}.Debug|x86.ActiveCfg = Debug|Any CPU
		{91A9AE09-5D12-4B93-B9CD-F69732C976B3}.Debug|x86.Build.0 = Debug|Any CPU
		{91A9AE09-5D12-4B93-B9CD-F69732C976B3}.Release|Any CPU.ActiveCfg = Release|Any CPU
		{91A9AE09-5D12-4B93-B9CD-F69732C976B3}.Release|Any CPU.Build.0 = Release|Any CPU
		{91A9AE09-5D12-4B93-B9CD-F69732C976B3}.Release|x64.ActiveCfg = Release|Any CPU
		{91A9AE09-5D12-4B93-B9CD-F69732C976B3}.Release|x64.Build.0 = Release|Any CPU
		{91A9AE09-5D12-4B93-B9CD-F69732C976B3}.Release|x86.ActiveCfg = Release|Any CPU
		{91A9AE09-5D12-4B93-B9CD-F69732C976B3}.Release|x86.Build.0 = Release|Any CPU
		{7363EC20-0B47-4BC6-8A33-DCD852346660}.Debug|Any CPU.ActiveCfg = Debug|Any CPU
		{7363EC20-0B47-4BC6-8A33-DCD852346660}.Debug|Any CPU.Build.0 = Debug|Any CPU
		{7363EC20-0B47-4BC6-8A33-DCD852346660}.Debug|x64.ActiveCfg = Debug|Any CPU
		{7363EC20-0B47-4BC6-8A33-DCD852346660}.Debug|x64.Build.0 = Debug|Any CPU
		{7363EC20-0B47-4BC6-8A33-DCD852346660}.Debug|x86.ActiveCfg = Debug|Any CPU
		{7363EC20-0B47-4BC6-8A33-DCD852346660}.Debug|x86.Build.0 = Debug|Any CPU
		{7363EC20-0B47-4BC6-8A33-DCD852346660}.Release|Any CPU.ActiveCfg = Release|Any CPU
		{7363EC20-0B47-4BC6-8A33-DCD852346660}.Release|Any CPU.Build.0 = Release|Any CPU
		{7363EC20-0B47-4BC6-8A33-DCD852346660}.Release|x64.ActiveCfg = Release|Any CPU
		{7363EC20-0B47-4BC6-8A33-DCD852346660}.Release|x64.Build.0 = Release|Any CPU
		{7363EC20-0B47-4BC6-8A33-DCD852346660}.Release|x86.ActiveCfg = Release|Any CPU
		{7363EC20-0B47-4BC6-8A33-DCD852346660}.Release|x86.Build.0 = Release|Any CPU
		{11BE99EE-6C10-48DF-9F01-45D057E5F8C0}.Debug|Any CPU.ActiveCfg = Debug|Any CPU
		{11BE99EE-6C10-48DF-9F01-45D057E5F8C0}.Debug|Any CPU.Build.0 = Debug|Any CPU
		{11BE99EE-6C10-48DF-9F01-45D057E5F8C0}.Debug|x64.ActiveCfg = Debug|Any CPU
		{11BE99EE-6C10-48DF-9F01-45D057E5F8C0}.Debug|x64.Build.0 = Debug|Any CPU
		{11BE99EE-6C10-48DF-9F01-45D057E5F8C0}.Debug|x86.ActiveCfg = Debug|Any CPU
		{11BE99EE-6C10-48DF-9F01-45D057E5F8C0}.Debug|x86.Build.0 = Debug|Any CPU
		{11BE99EE-6C10-48DF-9F01-45D057E5F8C0}.Release|Any CPU.ActiveCfg = Release|Any CPU
		{11BE99EE-6C10-48DF-9F01-45D057E5F8C0}.Release|Any CPU.Build.0 = Release|Any CPU
		{11BE99EE-6C10-48DF-9F01-45D057E5F8C0}.Release|x64.ActiveCfg = Release|Any CPU
		{11BE99EE-6C10-48DF-9F01-45D057E5F8C0}.Release|x64.Build.0 = Release|Any CPU
		{11BE99EE-6C10-48DF-9F01-45D057E5F8C0}.Release|x86.ActiveCfg = Release|Any CPU
		{11BE99EE-6C10-48DF-9F01-45D057E5F8C0}.Release|x86.Build.0 = Release|Any CPU
		{61BC44EC-19C2-44C5-A352-D99F19C832CB}.Debug|Any CPU.ActiveCfg = Debug|Any CPU
		{61BC44EC-19C2-44C5-A352-D99F19C832CB}.Debug|Any CPU.Build.0 = Debug|Any CPU
		{61BC44EC-19C2-44C5-A352-D99F19C832CB}.Debug|x64.ActiveCfg = Debug|Any CPU
		{61BC44EC-19C2-44C5-A352-D99F19C832CB}.Debug|x64.Build.0 = Debug|Any CPU
		{61BC44EC-19C2-44C5-A352-D99F19C832CB}.Debug|x86.ActiveCfg = Debug|Any CPU
		{61BC44EC-19C2-44C5-A352-D99F19C832CB}.Debug|x86.Build.0 = Debug|Any CPU
		{61BC44EC-19C2-44C5-A352-D99F19C832CB}.Release|Any CPU.ActiveCfg = Release|Any CPU
		{61BC44EC-19C2-44C5-A352-D99F19C832CB}.Release|Any CPU.Build.0 = Release|Any CPU
		{61BC44EC-19C2-44C5-A352-D99F19C832CB}.Release|x64.ActiveCfg = Release|Any CPU
		{61BC44EC-19C2-44C5-A352-D99F19C832CB}.Release|x64.Build.0 = Release|Any CPU
		{61BC44EC-19C2-44C5-A352-D99F19C832CB}.Release|x86.ActiveCfg = Release|Any CPU
		{61BC44EC-19C2-44C5-A352-D99F19C832CB}.Release|x86.Build.0 = Release|Any CPU
		{AD8DDF03-2484-43D6-B68A-F34EB70B1EDB}.Debug|Any CPU.ActiveCfg = Debug|Any CPU
		{AD8DDF03-2484-43D6-B68A-F34EB70B1EDB}.Debug|Any CPU.Build.0 = Debug|Any CPU
		{AD8DDF03-2484-43D6-B68A-F34EB70B1EDB}.Debug|x64.ActiveCfg = Debug|Any CPU
		{AD8DDF03-2484-43D6-B68A-F34EB70B1EDB}.Debug|x64.Build.0 = Debug|Any CPU
		{AD8DDF03-2484-43D6-B68A-F34EB70B1EDB}.Debug|x86.ActiveCfg = Debug|Any CPU
		{AD8DDF03-2484-43D6-B68A-F34EB70B1EDB}.Debug|x86.Build.0 = Debug|Any CPU
		{AD8DDF03-2484-43D6-B68A-F34EB70B1EDB}.Release|Any CPU.ActiveCfg = Release|Any CPU
		{AD8DDF03-2484-43D6-B68A-F34EB70B1EDB}.Release|Any CPU.Build.0 = Release|Any CPU
		{AD8DDF03-2484-43D6-B68A-F34EB70B1EDB}.Release|x64.ActiveCfg = Release|Any CPU
		{AD8DDF03-2484-43D6-B68A-F34EB70B1EDB}.Release|x64.Build.0 = Release|Any CPU
		{AD8DDF03-2484-43D6-B68A-F34EB70B1EDB}.Release|x86.ActiveCfg = Release|Any CPU
		{AD8DDF03-2484-43D6-B68A-F34EB70B1EDB}.Release|x86.Build.0 = Release|Any CPU
		{814971AB-8B45-4EDF-A529-336CAD3D1ECE}.Debug|Any CPU.ActiveCfg = Debug|Any CPU
		{814971AB-8B45-4EDF-A529-336CAD3D1ECE}.Debug|Any CPU.Build.0 = Debug|Any CPU
		{814971AB-8B45-4EDF-A529-336CAD3D1ECE}.Debug|x64.ActiveCfg = Debug|Any CPU
		{814971AB-8B45-4EDF-A529-336CAD3D1ECE}.Debug|x64.Build.0 = Debug|Any CPU
		{814971AB-8B45-4EDF-A529-336CAD3D1ECE}.Debug|x86.ActiveCfg = Debug|Any CPU
		{814971AB-8B45-4EDF-A529-336CAD3D1ECE}.Debug|x86.Build.0 = Debug|Any CPU
		{814971AB-8B45-4EDF-A529-336CAD3D1ECE}.Release|Any CPU.ActiveCfg = Release|Any CPU
		{814971AB-8B45-4EDF-A529-336CAD3D1ECE}.Release|Any CPU.Build.0 = Release|Any CPU
		{814971AB-8B45-4EDF-A529-336CAD3D1ECE}.Release|x64.ActiveCfg = Release|Any CPU
		{814971AB-8B45-4EDF-A529-336CAD3D1ECE}.Release|x64.Build.0 = Release|Any CPU
		{814971AB-8B45-4EDF-A529-336CAD3D1ECE}.Release|x86.ActiveCfg = Release|Any CPU
		{814971AB-8B45-4EDF-A529-336CAD3D1ECE}.Release|x86.Build.0 = Release|Any CPU
		{6C976803-D3F2-44B0-B7F6-6B8AAD8DD333}.Debug|Any CPU.ActiveCfg = Debug|Any CPU
		{6C976803-D3F2-44B0-B7F6-6B8AAD8DD333}.Debug|Any CPU.Build.0 = Debug|Any CPU
		{6C976803-D3F2-44B0-B7F6-6B8AAD8DD333}.Debug|x64.ActiveCfg = Debug|Any CPU
		{6C976803-D3F2-44B0-B7F6-6B8AAD8DD333}.Debug|x64.Build.0 = Debug|Any CPU
		{6C976803-D3F2-44B0-B7F6-6B8AAD8DD333}.Debug|x86.ActiveCfg = Debug|Any CPU
		{6C976803-D3F2-44B0-B7F6-6B8AAD8DD333}.Debug|x86.Build.0 = Debug|Any CPU
		{6C976803-D3F2-44B0-B7F6-6B8AAD8DD333}.Release|Any CPU.ActiveCfg = Release|Any CPU
		{6C976803-D3F2-44B0-B7F6-6B8AAD8DD333}.Release|Any CPU.Build.0 = Release|Any CPU
		{6C976803-D3F2-44B0-B7F6-6B8AAD8DD333}.Release|x64.ActiveCfg = Release|Any CPU
		{6C976803-D3F2-44B0-B7F6-6B8AAD8DD333}.Release|x64.Build.0 = Release|Any CPU
		{6C976803-D3F2-44B0-B7F6-6B8AAD8DD333}.Release|x86.ActiveCfg = Release|Any CPU
		{6C976803-D3F2-44B0-B7F6-6B8AAD8DD333}.Release|x86.Build.0 = Release|Any CPU
		{99D1E791-6C11-4512-9779-1540FCAAA18C}.Debug|Any CPU.ActiveCfg = Debug|Any CPU
		{99D1E791-6C11-4512-9779-1540FCAAA18C}.Debug|Any CPU.Build.0 = Debug|Any CPU
		{99D1E791-6C11-4512-9779-1540FCAAA18C}.Debug|x64.ActiveCfg = Debug|Any CPU
		{99D1E791-6C11-4512-9779-1540FCAAA18C}.Debug|x64.Build.0 = Debug|Any CPU
		{99D1E791-6C11-4512-9779-1540FCAAA18C}.Debug|x86.ActiveCfg = Debug|Any CPU
		{99D1E791-6C11-4512-9779-1540FCAAA18C}.Debug|x86.Build.0 = Debug|Any CPU
		{99D1E791-6C11-4512-9779-1540FCAAA18C}.Release|Any CPU.ActiveCfg = Release|Any CPU
		{99D1E791-6C11-4512-9779-1540FCAAA18C}.Release|Any CPU.Build.0 = Release|Any CPU
		{99D1E791-6C11-4512-9779-1540FCAAA18C}.Release|x64.ActiveCfg = Release|Any CPU
		{99D1E791-6C11-4512-9779-1540FCAAA18C}.Release|x64.Build.0 = Release|Any CPU
		{99D1E791-6C11-4512-9779-1540FCAAA18C}.Release|x86.ActiveCfg = Release|Any CPU
		{99D1E791-6C11-4512-9779-1540FCAAA18C}.Release|x86.Build.0 = Release|Any CPU
		{56D0D92E-471F-48F9-B0C1-A801BCE01F9B}.Debug|Any CPU.ActiveCfg = Debug|Any CPU
		{56D0D92E-471F-48F9-B0C1-A801BCE01F9B}.Debug|Any CPU.Build.0 = Debug|Any CPU
		{56D0D92E-471F-48F9-B0C1-A801BCE01F9B}.Debug|x64.ActiveCfg = Debug|Any CPU
		{56D0D92E-471F-48F9-B0C1-A801BCE01F9B}.Debug|x64.Build.0 = Debug|Any CPU
		{56D0D92E-471F-48F9-B0C1-A801BCE01F9B}.Debug|x86.ActiveCfg = Debug|Any CPU
		{56D0D92E-471F-48F9-B0C1-A801BCE01F9B}.Debug|x86.Build.0 = Debug|Any CPU
		{56D0D92E-471F-48F9-B0C1-A801BCE01F9B}.Release|Any CPU.ActiveCfg = Release|Any CPU
		{56D0D92E-471F-48F9-B0C1-A801BCE01F9B}.Release|Any CPU.Build.0 = Release|Any CPU
		{56D0D92E-471F-48F9-B0C1-A801BCE01F9B}.Release|x64.ActiveCfg = Release|Any CPU
		{56D0D92E-471F-48F9-B0C1-A801BCE01F9B}.Release|x64.Build.0 = Release|Any CPU
		{56D0D92E-471F-48F9-B0C1-A801BCE01F9B}.Release|x86.ActiveCfg = Release|Any CPU
		{56D0D92E-471F-48F9-B0C1-A801BCE01F9B}.Release|x86.Build.0 = Release|Any CPU
		{8855F1EA-6BC1-48F0-A0BC-85A2446EA805}.Debug|Any CPU.ActiveCfg = Debug|Any CPU
		{8855F1EA-6BC1-48F0-A0BC-85A2446EA805}.Debug|Any CPU.Build.0 = Debug|Any CPU
		{8855F1EA-6BC1-48F0-A0BC-85A2446EA805}.Debug|x64.ActiveCfg = Debug|Any CPU
		{8855F1EA-6BC1-48F0-A0BC-85A2446EA805}.Debug|x64.Build.0 = Debug|Any CPU
		{8855F1EA-6BC1-48F0-A0BC-85A2446EA805}.Debug|x86.ActiveCfg = Debug|Any CPU
		{8855F1EA-6BC1-48F0-A0BC-85A2446EA805}.Debug|x86.Build.0 = Debug|Any CPU
		{8855F1EA-6BC1-48F0-A0BC-85A2446EA805}.Release|Any CPU.ActiveCfg = Release|Any CPU
		{8855F1EA-6BC1-48F0-A0BC-85A2446EA805}.Release|Any CPU.Build.0 = Release|Any CPU
		{8855F1EA-6BC1-48F0-A0BC-85A2446EA805}.Release|x64.ActiveCfg = Release|Any CPU
		{8855F1EA-6BC1-48F0-A0BC-85A2446EA805}.Release|x64.Build.0 = Release|Any CPU
		{8855F1EA-6BC1-48F0-A0BC-85A2446EA805}.Release|x86.ActiveCfg = Release|Any CPU
		{8855F1EA-6BC1-48F0-A0BC-85A2446EA805}.Release|x86.Build.0 = Release|Any CPU
		{CFA8A567-7E54-45CA-AAF7-C2992CD72BBF}.Debug|Any CPU.ActiveCfg = Debug|Any CPU
		{CFA8A567-7E54-45CA-AAF7-C2992CD72BBF}.Debug|Any CPU.Build.0 = Debug|Any CPU
		{CFA8A567-7E54-45CA-AAF7-C2992CD72BBF}.Debug|x64.ActiveCfg = Debug|Any CPU
		{CFA8A567-7E54-45CA-AAF7-C2992CD72BBF}.Debug|x64.Build.0 = Debug|Any CPU
		{CFA8A567-7E54-45CA-AAF7-C2992CD72BBF}.Debug|x86.ActiveCfg = Debug|Any CPU
		{CFA8A567-7E54-45CA-AAF7-C2992CD72BBF}.Debug|x86.Build.0 = Debug|Any CPU
		{CFA8A567-7E54-45CA-AAF7-C2992CD72BBF}.Release|Any CPU.ActiveCfg = Release|Any CPU
		{CFA8A567-7E54-45CA-AAF7-C2992CD72BBF}.Release|Any CPU.Build.0 = Release|Any CPU
		{CFA8A567-7E54-45CA-AAF7-C2992CD72BBF}.Release|x64.ActiveCfg = Release|Any CPU
		{CFA8A567-7E54-45CA-AAF7-C2992CD72BBF}.Release|x64.Build.0 = Release|Any CPU
		{CFA8A567-7E54-45CA-AAF7-C2992CD72BBF}.Release|x86.ActiveCfg = Release|Any CPU
		{CFA8A567-7E54-45CA-AAF7-C2992CD72BBF}.Release|x86.Build.0 = Release|Any CPU
		{D700F9EE-153A-4014-8B51-D283653469CD}.Debug|Any CPU.ActiveCfg = Debug|Any CPU
		{D700F9EE-153A-4014-8B51-D283653469CD}.Debug|Any CPU.Build.0 = Debug|Any CPU
		{D700F9EE-153A-4014-8B51-D283653469CD}.Debug|x64.ActiveCfg = Debug|Any CPU
		{D700F9EE-153A-4014-8B51-D283653469CD}.Debug|x64.Build.0 = Debug|Any CPU
		{D700F9EE-153A-4014-8B51-D283653469CD}.Debug|x86.ActiveCfg = Debug|Any CPU
		{D700F9EE-153A-4014-8B51-D283653469CD}.Debug|x86.Build.0 = Debug|Any CPU
		{D700F9EE-153A-4014-8B51-D283653469CD}.Release|Any CPU.ActiveCfg = Release|Any CPU
		{D700F9EE-153A-4014-8B51-D283653469CD}.Release|Any CPU.Build.0 = Release|Any CPU
		{D700F9EE-153A-4014-8B51-D283653469CD}.Release|x64.ActiveCfg = Release|Any CPU
		{D700F9EE-153A-4014-8B51-D283653469CD}.Release|x64.Build.0 = Release|Any CPU
		{D700F9EE-153A-4014-8B51-D283653469CD}.Release|x86.ActiveCfg = Release|Any CPU
		{D700F9EE-153A-4014-8B51-D283653469CD}.Release|x86.Build.0 = Release|Any CPU
		{06257973-66D6-4F0D-A5FF-7F9E5BF8ABEE}.Debug|Any CPU.ActiveCfg = Debug|Any CPU
		{06257973-66D6-4F0D-A5FF-7F9E5BF8ABEE}.Debug|Any CPU.Build.0 = Debug|Any CPU
		{06257973-66D6-4F0D-A5FF-7F9E5BF8ABEE}.Debug|x64.ActiveCfg = Debug|Any CPU
		{06257973-66D6-4F0D-A5FF-7F9E5BF8ABEE}.Debug|x64.Build.0 = Debug|Any CPU
		{06257973-66D6-4F0D-A5FF-7F9E5BF8ABEE}.Debug|x86.ActiveCfg = Debug|Any CPU
		{06257973-66D6-4F0D-A5FF-7F9E5BF8ABEE}.Debug|x86.Build.0 = Debug|Any CPU
		{06257973-66D6-4F0D-A5FF-7F9E5BF8ABEE}.Release|Any CPU.ActiveCfg = Release|Any CPU
		{06257973-66D6-4F0D-A5FF-7F9E5BF8ABEE}.Release|Any CPU.Build.0 = Release|Any CPU
		{06257973-66D6-4F0D-A5FF-7F9E5BF8ABEE}.Release|x64.ActiveCfg = Release|Any CPU
		{06257973-66D6-4F0D-A5FF-7F9E5BF8ABEE}.Release|x64.Build.0 = Release|Any CPU
		{06257973-66D6-4F0D-A5FF-7F9E5BF8ABEE}.Release|x86.ActiveCfg = Release|Any CPU
		{06257973-66D6-4F0D-A5FF-7F9E5BF8ABEE}.Release|x86.Build.0 = Release|Any CPU
		{EA29707B-36ED-425F-BB64-2AE14F4C654F}.Debug|Any CPU.ActiveCfg = Debug|Any CPU
		{EA29707B-36ED-425F-BB64-2AE14F4C654F}.Debug|Any CPU.Build.0 = Debug|Any CPU
		{EA29707B-36ED-425F-BB64-2AE14F4C654F}.Debug|x64.ActiveCfg = Debug|Any CPU
		{EA29707B-36ED-425F-BB64-2AE14F4C654F}.Debug|x64.Build.0 = Debug|Any CPU
		{EA29707B-36ED-425F-BB64-2AE14F4C654F}.Debug|x86.ActiveCfg = Debug|Any CPU
		{EA29707B-36ED-425F-BB64-2AE14F4C654F}.Debug|x86.Build.0 = Debug|Any CPU
		{EA29707B-36ED-425F-BB64-2AE14F4C654F}.Release|Any CPU.ActiveCfg = Release|Any CPU
		{EA29707B-36ED-425F-BB64-2AE14F4C654F}.Release|Any CPU.Build.0 = Release|Any CPU
		{EA29707B-36ED-425F-BB64-2AE14F4C654F}.Release|x64.ActiveCfg = Release|Any CPU
		{EA29707B-36ED-425F-BB64-2AE14F4C654F}.Release|x64.Build.0 = Release|Any CPU
		{EA29707B-36ED-425F-BB64-2AE14F4C654F}.Release|x86.ActiveCfg = Release|Any CPU
		{EA29707B-36ED-425F-BB64-2AE14F4C654F}.Release|x86.Build.0 = Release|Any CPU
		{0E7AFF52-9687-4898-A656-40E145B86A7B}.Debug|Any CPU.ActiveCfg = Debug|Any CPU
		{0E7AFF52-9687-4898-A656-40E145B86A7B}.Debug|Any CPU.Build.0 = Debug|Any CPU
		{0E7AFF52-9687-4898-A656-40E145B86A7B}.Debug|x64.ActiveCfg = Debug|Any CPU
		{0E7AFF52-9687-4898-A656-40E145B86A7B}.Debug|x64.Build.0 = Debug|Any CPU
		{0E7AFF52-9687-4898-A656-40E145B86A7B}.Debug|x86.ActiveCfg = Debug|Any CPU
		{0E7AFF52-9687-4898-A656-40E145B86A7B}.Debug|x86.Build.0 = Debug|Any CPU
		{0E7AFF52-9687-4898-A656-40E145B86A7B}.Release|Any CPU.ActiveCfg = Release|Any CPU
		{0E7AFF52-9687-4898-A656-40E145B86A7B}.Release|Any CPU.Build.0 = Release|Any CPU
		{0E7AFF52-9687-4898-A656-40E145B86A7B}.Release|x64.ActiveCfg = Release|Any CPU
		{0E7AFF52-9687-4898-A656-40E145B86A7B}.Release|x64.Build.0 = Release|Any CPU
		{0E7AFF52-9687-4898-A656-40E145B86A7B}.Release|x86.ActiveCfg = Release|Any CPU
		{0E7AFF52-9687-4898-A656-40E145B86A7B}.Release|x86.Build.0 = Release|Any CPU
		{5C124578-48F7-4CC1-AFDC-FEDD34C04222}.Debug|Any CPU.ActiveCfg = Debug|Any CPU
		{5C124578-48F7-4CC1-AFDC-FEDD34C04222}.Debug|Any CPU.Build.0 = Debug|Any CPU
		{5C124578-48F7-4CC1-AFDC-FEDD34C04222}.Debug|x64.ActiveCfg = Debug|Any CPU
		{5C124578-48F7-4CC1-AFDC-FEDD34C04222}.Debug|x64.Build.0 = Debug|Any CPU
		{5C124578-48F7-4CC1-AFDC-FEDD34C04222}.Debug|x86.ActiveCfg = Debug|Any CPU
		{5C124578-48F7-4CC1-AFDC-FEDD34C04222}.Debug|x86.Build.0 = Debug|Any CPU
		{5C124578-48F7-4CC1-AFDC-FEDD34C04222}.Release|Any CPU.ActiveCfg = Release|Any CPU
		{5C124578-48F7-4CC1-AFDC-FEDD34C04222}.Release|Any CPU.Build.0 = Release|Any CPU
		{5C124578-48F7-4CC1-AFDC-FEDD34C04222}.Release|x64.ActiveCfg = Release|Any CPU
		{5C124578-48F7-4CC1-AFDC-FEDD34C04222}.Release|x64.Build.0 = Release|Any CPU
		{5C124578-48F7-4CC1-AFDC-FEDD34C04222}.Release|x86.ActiveCfg = Release|Any CPU
		{5C124578-48F7-4CC1-AFDC-FEDD34C04222}.Release|x86.Build.0 = Release|Any CPU
		{24432688-BF56-4389-A875-ACBDF19B676C}.Debug|Any CPU.ActiveCfg = Debug|Any CPU
		{24432688-BF56-4389-A875-ACBDF19B676C}.Debug|Any CPU.Build.0 = Debug|Any CPU
		{24432688-BF56-4389-A875-ACBDF19B676C}.Debug|x64.ActiveCfg = Debug|Any CPU
		{24432688-BF56-4389-A875-ACBDF19B676C}.Debug|x64.Build.0 = Debug|Any CPU
		{24432688-BF56-4389-A875-ACBDF19B676C}.Debug|x86.ActiveCfg = Debug|Any CPU
		{24432688-BF56-4389-A875-ACBDF19B676C}.Debug|x86.Build.0 = Debug|Any CPU
		{24432688-BF56-4389-A875-ACBDF19B676C}.Release|Any CPU.ActiveCfg = Release|Any CPU
		{24432688-BF56-4389-A875-ACBDF19B676C}.Release|Any CPU.Build.0 = Release|Any CPU
		{24432688-BF56-4389-A875-ACBDF19B676C}.Release|x64.ActiveCfg = Release|Any CPU
		{24432688-BF56-4389-A875-ACBDF19B676C}.Release|x64.Build.0 = Release|Any CPU
		{24432688-BF56-4389-A875-ACBDF19B676C}.Release|x86.ActiveCfg = Release|Any CPU
		{24432688-BF56-4389-A875-ACBDF19B676C}.Release|x86.Build.0 = Release|Any CPU
		{C2A34358-4142-4848-BD92-47AF009A107E}.Debug|Any CPU.ActiveCfg = Debug|Any CPU
		{C2A34358-4142-4848-BD92-47AF009A107E}.Debug|Any CPU.Build.0 = Debug|Any CPU
		{C2A34358-4142-4848-BD92-47AF009A107E}.Debug|x64.ActiveCfg = Debug|Any CPU
		{C2A34358-4142-4848-BD92-47AF009A107E}.Debug|x64.Build.0 = Debug|Any CPU
		{C2A34358-4142-4848-BD92-47AF009A107E}.Debug|x86.ActiveCfg = Debug|Any CPU
		{C2A34358-4142-4848-BD92-47AF009A107E}.Debug|x86.Build.0 = Debug|Any CPU
		{C2A34358-4142-4848-BD92-47AF009A107E}.Release|Any CPU.ActiveCfg = Release|Any CPU
		{C2A34358-4142-4848-BD92-47AF009A107E}.Release|Any CPU.Build.0 = Release|Any CPU
		{C2A34358-4142-4848-BD92-47AF009A107E}.Release|x64.ActiveCfg = Release|Any CPU
		{C2A34358-4142-4848-BD92-47AF009A107E}.Release|x64.Build.0 = Release|Any CPU
		{C2A34358-4142-4848-BD92-47AF009A107E}.Release|x86.ActiveCfg = Release|Any CPU
		{C2A34358-4142-4848-BD92-47AF009A107E}.Release|x86.Build.0 = Release|Any CPU
		{ACEFCAD1-5B8A-41DD-B7FD-80224E6C36EE}.Debug|Any CPU.ActiveCfg = Debug|Any CPU
		{ACEFCAD1-5B8A-41DD-B7FD-80224E6C36EE}.Debug|Any CPU.Build.0 = Debug|Any CPU
		{ACEFCAD1-5B8A-41DD-B7FD-80224E6C36EE}.Debug|x64.ActiveCfg = Debug|Any CPU
		{ACEFCAD1-5B8A-41DD-B7FD-80224E6C36EE}.Debug|x64.Build.0 = Debug|Any CPU
		{ACEFCAD1-5B8A-41DD-B7FD-80224E6C36EE}.Debug|x86.ActiveCfg = Debug|Any CPU
		{ACEFCAD1-5B8A-41DD-B7FD-80224E6C36EE}.Debug|x86.Build.0 = Debug|Any CPU
		{ACEFCAD1-5B8A-41DD-B7FD-80224E6C36EE}.Release|Any CPU.ActiveCfg = Release|Any CPU
		{ACEFCAD1-5B8A-41DD-B7FD-80224E6C36EE}.Release|Any CPU.Build.0 = Release|Any CPU
		{ACEFCAD1-5B8A-41DD-B7FD-80224E6C36EE}.Release|x64.ActiveCfg = Release|Any CPU
		{ACEFCAD1-5B8A-41DD-B7FD-80224E6C36EE}.Release|x64.Build.0 = Release|Any CPU
		{ACEFCAD1-5B8A-41DD-B7FD-80224E6C36EE}.Release|x86.ActiveCfg = Release|Any CPU
		{ACEFCAD1-5B8A-41DD-B7FD-80224E6C36EE}.Release|x86.Build.0 = Release|Any CPU
		{FD6AB56A-FD38-48F3-B5F9-038E737DED9F}.Debug|Any CPU.ActiveCfg = Debug|Any CPU
		{FD6AB56A-FD38-48F3-B5F9-038E737DED9F}.Debug|Any CPU.Build.0 = Debug|Any CPU
		{FD6AB56A-FD38-48F3-B5F9-038E737DED9F}.Debug|x64.ActiveCfg = Debug|Any CPU
		{FD6AB56A-FD38-48F3-B5F9-038E737DED9F}.Debug|x64.Build.0 = Debug|Any CPU
		{FD6AB56A-FD38-48F3-B5F9-038E737DED9F}.Debug|x86.ActiveCfg = Debug|Any CPU
		{FD6AB56A-FD38-48F3-B5F9-038E737DED9F}.Debug|x86.Build.0 = Debug|Any CPU
		{FD6AB56A-FD38-48F3-B5F9-038E737DED9F}.Release|Any CPU.ActiveCfg = Release|Any CPU
		{FD6AB56A-FD38-48F3-B5F9-038E737DED9F}.Release|Any CPU.Build.0 = Release|Any CPU
		{FD6AB56A-FD38-48F3-B5F9-038E737DED9F}.Release|x64.ActiveCfg = Release|Any CPU
		{FD6AB56A-FD38-48F3-B5F9-038E737DED9F}.Release|x64.Build.0 = Release|Any CPU
		{FD6AB56A-FD38-48F3-B5F9-038E737DED9F}.Release|x86.ActiveCfg = Release|Any CPU
		{FD6AB56A-FD38-48F3-B5F9-038E737DED9F}.Release|x86.Build.0 = Release|Any CPU
		{AC5F197F-329D-4569-9F90-BDD33D9CD60C}.Debug|Any CPU.ActiveCfg = Debug|Any CPU
		{AC5F197F-329D-4569-9F90-BDD33D9CD60C}.Debug|Any CPU.Build.0 = Debug|Any CPU
		{AC5F197F-329D-4569-9F90-BDD33D9CD60C}.Debug|x64.ActiveCfg = Debug|Any CPU
		{AC5F197F-329D-4569-9F90-BDD33D9CD60C}.Debug|x64.Build.0 = Debug|Any CPU
		{AC5F197F-329D-4569-9F90-BDD33D9CD60C}.Debug|x86.ActiveCfg = Debug|Any CPU
		{AC5F197F-329D-4569-9F90-BDD33D9CD60C}.Debug|x86.Build.0 = Debug|Any CPU
		{AC5F197F-329D-4569-9F90-BDD33D9CD60C}.Release|Any CPU.ActiveCfg = Release|Any CPU
		{AC5F197F-329D-4569-9F90-BDD33D9CD60C}.Release|Any CPU.Build.0 = Release|Any CPU
		{AC5F197F-329D-4569-9F90-BDD33D9CD60C}.Release|x64.ActiveCfg = Release|Any CPU
		{AC5F197F-329D-4569-9F90-BDD33D9CD60C}.Release|x64.Build.0 = Release|Any CPU
		{AC5F197F-329D-4569-9F90-BDD33D9CD60C}.Release|x86.ActiveCfg = Release|Any CPU
		{AC5F197F-329D-4569-9F90-BDD33D9CD60C}.Release|x86.Build.0 = Release|Any CPU
		{351ADEF0-FA91-4B57-A7DD-291188CFABBB}.Debug|Any CPU.ActiveCfg = Debug|Any CPU
		{351ADEF0-FA91-4B57-A7DD-291188CFABBB}.Debug|Any CPU.Build.0 = Debug|Any CPU
		{351ADEF0-FA91-4B57-A7DD-291188CFABBB}.Debug|x64.ActiveCfg = Debug|Any CPU
		{351ADEF0-FA91-4B57-A7DD-291188CFABBB}.Debug|x64.Build.0 = Debug|Any CPU
		{351ADEF0-FA91-4B57-A7DD-291188CFABBB}.Debug|x86.ActiveCfg = Debug|Any CPU
		{351ADEF0-FA91-4B57-A7DD-291188CFABBB}.Debug|x86.Build.0 = Debug|Any CPU
		{351ADEF0-FA91-4B57-A7DD-291188CFABBB}.Release|Any CPU.ActiveCfg = Release|Any CPU
		{351ADEF0-FA91-4B57-A7DD-291188CFABBB}.Release|Any CPU.Build.0 = Release|Any CPU
		{351ADEF0-FA91-4B57-A7DD-291188CFABBB}.Release|x64.ActiveCfg = Release|Any CPU
		{351ADEF0-FA91-4B57-A7DD-291188CFABBB}.Release|x64.Build.0 = Release|Any CPU
		{351ADEF0-FA91-4B57-A7DD-291188CFABBB}.Release|x86.ActiveCfg = Release|Any CPU
		{351ADEF0-FA91-4B57-A7DD-291188CFABBB}.Release|x86.Build.0 = Release|Any CPU
		{78631808-7EDE-4346-BDBC-472D8B234E14}.Debug|Any CPU.ActiveCfg = Debug|Any CPU
		{78631808-7EDE-4346-BDBC-472D8B234E14}.Debug|Any CPU.Build.0 = Debug|Any CPU
		{78631808-7EDE-4346-BDBC-472D8B234E14}.Debug|x64.ActiveCfg = Debug|Any CPU
		{78631808-7EDE-4346-BDBC-472D8B234E14}.Debug|x64.Build.0 = Debug|Any CPU
		{78631808-7EDE-4346-BDBC-472D8B234E14}.Debug|x86.ActiveCfg = Debug|Any CPU
		{78631808-7EDE-4346-BDBC-472D8B234E14}.Debug|x86.Build.0 = Debug|Any CPU
		{78631808-7EDE-4346-BDBC-472D8B234E14}.Release|Any CPU.ActiveCfg = Release|Any CPU
		{78631808-7EDE-4346-BDBC-472D8B234E14}.Release|Any CPU.Build.0 = Release|Any CPU
		{78631808-7EDE-4346-BDBC-472D8B234E14}.Release|x64.ActiveCfg = Release|Any CPU
		{78631808-7EDE-4346-BDBC-472D8B234E14}.Release|x64.Build.0 = Release|Any CPU
		{78631808-7EDE-4346-BDBC-472D8B234E14}.Release|x86.ActiveCfg = Release|Any CPU
		{78631808-7EDE-4346-BDBC-472D8B234E14}.Release|x86.Build.0 = Release|Any CPU
		{2F8F7432-197E-470C-9802-2FA14B50B559}.Debug|Any CPU.ActiveCfg = Debug|Any CPU
		{2F8F7432-197E-470C-9802-2FA14B50B559}.Debug|Any CPU.Build.0 = Debug|Any CPU
		{2F8F7432-197E-470C-9802-2FA14B50B559}.Debug|x64.ActiveCfg = Debug|Any CPU
		{2F8F7432-197E-470C-9802-2FA14B50B559}.Debug|x64.Build.0 = Debug|Any CPU
		{2F8F7432-197E-470C-9802-2FA14B50B559}.Debug|x86.ActiveCfg = Debug|Any CPU
		{2F8F7432-197E-470C-9802-2FA14B50B559}.Debug|x86.Build.0 = Debug|Any CPU
		{2F8F7432-197E-470C-9802-2FA14B50B559}.Release|Any CPU.ActiveCfg = Release|Any CPU
		{2F8F7432-197E-470C-9802-2FA14B50B559}.Release|Any CPU.Build.0 = Release|Any CPU
		{2F8F7432-197E-470C-9802-2FA14B50B559}.Release|x64.ActiveCfg = Release|Any CPU
		{2F8F7432-197E-470C-9802-2FA14B50B559}.Release|x64.Build.0 = Release|Any CPU
		{2F8F7432-197E-470C-9802-2FA14B50B559}.Release|x86.ActiveCfg = Release|Any CPU
		{2F8F7432-197E-470C-9802-2FA14B50B559}.Release|x86.Build.0 = Release|Any CPU
		{B2392827-56A1-4CC6-8CDE-099E82A01753}.Debug|Any CPU.ActiveCfg = Debug|Any CPU
		{B2392827-56A1-4CC6-8CDE-099E82A01753}.Debug|Any CPU.Build.0 = Debug|Any CPU
		{B2392827-56A1-4CC6-8CDE-099E82A01753}.Debug|x64.ActiveCfg = Debug|Any CPU
		{B2392827-56A1-4CC6-8CDE-099E82A01753}.Debug|x64.Build.0 = Debug|Any CPU
		{B2392827-56A1-4CC6-8CDE-099E82A01753}.Debug|x86.ActiveCfg = Debug|Any CPU
		{B2392827-56A1-4CC6-8CDE-099E82A01753}.Debug|x86.Build.0 = Debug|Any CPU
		{B2392827-56A1-4CC6-8CDE-099E82A01753}.Release|Any CPU.ActiveCfg = Release|Any CPU
		{B2392827-56A1-4CC6-8CDE-099E82A01753}.Release|Any CPU.Build.0 = Release|Any CPU
		{B2392827-56A1-4CC6-8CDE-099E82A01753}.Release|x64.ActiveCfg = Release|Any CPU
		{B2392827-56A1-4CC6-8CDE-099E82A01753}.Release|x64.Build.0 = Release|Any CPU
		{B2392827-56A1-4CC6-8CDE-099E82A01753}.Release|x86.ActiveCfg = Release|Any CPU
		{B2392827-56A1-4CC6-8CDE-099E82A01753}.Release|x86.Build.0 = Release|Any CPU
	EndGlobalSection
	GlobalSection(SolutionProperties) = preSolution
		HideSolutionNode = FALSE
	EndGlobalSection
	GlobalSection(NestedProjects) = preSolution
		{2B3C0DF8-44C3-4F12-A248-19C370D32DCE} = {CD137582-30F5-4875-8481-C9017FAC9AE3}
		{3931751C-8C65-4B60-AC65-93E799C751F0} = {EBD788A9-9C14-4751-AF22-5C8928D09525}
		{91A9AE09-5D12-4B93-B9CD-F69732C976B3} = {5D661929-3F9A-4617-8406-46A3C133BB2E}
		{7363EC20-0B47-4BC6-8A33-DCD852346660} = {5D661929-3F9A-4617-8406-46A3C133BB2E}
		{11BE99EE-6C10-48DF-9F01-45D057E5F8C0} = {C9EE7482-A883-4D78-86C1-9575FDF7C1BE}
		{61BC44EC-19C2-44C5-A352-D99F19C832CB} = {F7D547DD-7A5D-4CD0-9AE2-07E6CF683025}
		{AD8DDF03-2484-43D6-B68A-F34EB70B1EDB} = {F7D547DD-7A5D-4CD0-9AE2-07E6CF683025}
		{814971AB-8B45-4EDF-A529-336CAD3D1ECE} = {C9EE7482-A883-4D78-86C1-9575FDF7C1BE}
		{6C976803-D3F2-44B0-B7F6-6B8AAD8DD333} = {CD137582-30F5-4875-8481-C9017FAC9AE3}
		{99D1E791-6C11-4512-9779-1540FCAAA18C} = {416ECC3A-996F-4D16-BE5F-0774094FCA27}
		{56D0D92E-471F-48F9-B0C1-A801BCE01F9B} = {CD137582-30F5-4875-8481-C9017FAC9AE3}
		{8855F1EA-6BC1-48F0-A0BC-85A2446EA805} = {ED36B944-897A-6802-08D6-5831AC8137EB}
		{CFA8A567-7E54-45CA-AAF7-C2992CD72BBF} = {ED36B944-897A-6802-08D6-5831AC8137EB}
		{D700F9EE-153A-4014-8B51-D283653469CD} = {ED36B944-897A-6802-08D6-5831AC8137EB}
		{06257973-66D6-4F0D-A5FF-7F9E5BF8ABEE} = {ED36B944-897A-6802-08D6-5831AC8137EB}
		{EA29707B-36ED-425F-BB64-2AE14F4C654F} = {ED36B944-897A-6802-08D6-5831AC8137EB}
		{0E7AFF52-9687-4898-A656-40E145B86A7B} = {ED36B944-897A-6802-08D6-5831AC8137EB}
		{5C124578-48F7-4CC1-AFDC-FEDD34C04222} = {ED36B944-897A-6802-08D6-5831AC8137EB}
		{24432688-BF56-4389-A875-ACBDF19B676C} = {ED36B944-897A-6802-08D6-5831AC8137EB}
		{C2A34358-4142-4848-BD92-47AF009A107E} = {ED36B944-897A-6802-08D6-5831AC8137EB}
		{ACEFCAD1-5B8A-41DD-B7FD-80224E6C36EE} = {ED36B944-897A-6802-08D6-5831AC8137EB}
		{FD6AB56A-FD38-48F3-B5F9-038E737DED9F} = {ED36B944-897A-6802-08D6-5831AC8137EB}
		{AC5F197F-329D-4569-9F90-BDD33D9CD60C} = {ED36B944-897A-6802-08D6-5831AC8137EB}
		{2FCD0DD9-F5A9-33F8-5FCB-EBE9D70024EB} = {ED36B944-897A-6802-08D6-5831AC8137EB}
		{351ADEF0-FA91-4B57-A7DD-291188CFABBB} = {2FCD0DD9-F5A9-33F8-5FCB-EBE9D70024EB}
		{78631808-7EDE-4346-BDBC-472D8B234E14} = {2FCD0DD9-F5A9-33F8-5FCB-EBE9D70024EB}
		{2F8F7432-197E-470C-9802-2FA14B50B559} = {2FCD0DD9-F5A9-33F8-5FCB-EBE9D70024EB}
		{B2392827-56A1-4CC6-8CDE-099E82A01753} = {2FCD0DD9-F5A9-33F8-5FCB-EBE9D70024EB}
	EndGlobalSection
	GlobalSection(ExtensibilityGlobals) = postSolution
		SolutionGuid = {6D07EDEA-2197-4E6C-8665-3D76E7D31E14}
	EndGlobalSection
EndGlobal
