
Microsoft Visual Studio Solution File, Format Version 12.00
# Visual Studio Version 16
VisualStudioVersion = 16.0.30011.22
MinimumVisualStudioVersion = 10.0.40219.1
Project("{2150E333-8FDC-42A3-9474-1A3956D46DE8}") = "01 - Presentation", "01 - Presentation", "{CD137582-30F5-4875-8481-C9017FAC9AE3}"
EndProject
Project("{9A19103F-16F7-4668-BE54-9A1E7A4F7556}") = "TheBIADevCompany.BIADemo.Presentation.Api", "TheBIADevCompany.BIADemo.Presentation.Api\TheBIADevCompany.BIADemo.Presentation.Api.csproj", "{2B3C0DF8-44C3-4F12-A248-19C370D32DCE}"
EndProject
Project("{2150E333-8FDC-42A3-9474-1A3956D46DE8}") = "02 - Application", "02 - Application", "{EBD788A9-9C14-4751-AF22-5C8928D09525}"
EndProject
Project("{9A19103F-16F7-4668-BE54-9A1E7A4F7556}") = "TheBIADevCompany.BIADemo.Application", "TheBIADevCompany.BIADemo.Application\TheBIADevCompany.BIADemo.Application.csproj", "{3931751C-8C65-4B60-AC65-93E799C751F0}"
EndProject
Project("{2150E333-8FDC-42A3-9474-1A3956D46DE8}") = "03 - Domain", "03 - Domain", "{5D661929-3F9A-4617-8406-46A3C133BB2E}"
EndProject
Project("{9A19103F-16F7-4668-BE54-9A1E7A4F7556}") = "TheBIADevCompany.BIADemo.Domain", "TheBIADevCompany.BIADemo.Domain\TheBIADevCompany.BIADemo.Domain.csproj", "{91A9AE09-5D12-4B93-B9CD-F69732C976B3}"
EndProject
Project("{9A19103F-16F7-4668-BE54-9A1E7A4F7556}") = "TheBIADevCompany.BIADemo.Domain.Dto", "TheBIADevCompany.BIADemo.Domain.Dto\TheBIADevCompany.BIADemo.Domain.Dto.csproj", "{7363EC20-0B47-4BC6-8A33-DCD852346660}"
EndProject
Project("{2150E333-8FDC-42A3-9474-1A3956D46DE8}") = "04 - Infrastructure", "04 - Infrastructure", "{C9EE7482-A883-4D78-86C1-9575FDF7C1BE}"
EndProject
Project("{9A19103F-16F7-4668-BE54-9A1E7A4F7556}") = "TheBIADevCompany.BIADemo.Infrastructure.Data", "TheBIADevCompany.BIADemo.Infrastructure.Data\TheBIADevCompany.BIADemo.Infrastructure.Data.csproj", "{11BE99EE-6C10-48DF-9F01-45D057E5F8C0}"
EndProject
Project("{2150E333-8FDC-42A3-9474-1A3956D46DE8}") = "05 - Crosscutting", "05 - Crosscutting", "{F7D547DD-7A5D-4CD0-9AE2-07E6CF683025}"
EndProject
Project("{9A19103F-16F7-4668-BE54-9A1E7A4F7556}") = "TheBIADevCompany.BIADemo.Crosscutting.Common", "TheBIADevCompany.BIADemo.Crosscutting.Common\TheBIADevCompany.BIADemo.Crosscutting.Common.csproj", "{61BC44EC-19C2-44C5-A352-D99F19C832CB}"
EndProject
Project("{9A19103F-16F7-4668-BE54-9A1E7A4F7556}") = "TheBIADevCompany.BIADemo.Crosscutting.Ioc", "TheBIADevCompany.BIADemo.Crosscutting.Ioc\TheBIADevCompany.BIADemo.Crosscutting.Ioc.csproj", "{AD8DDF03-2484-43D6-B68A-F34EB70B1EDB}"
EndProject
Project("{9A19103F-16F7-4668-BE54-9A1E7A4F7556}") = "TheBIADevCompany.BIADemo.Infrastructure.Service", "TheBIADevCompany.BIADemo.Infrastructure.Service\TheBIADevCompany.BIADemo.Infrastructure.Service.csproj", "{814971AB-8B45-4EDF-A529-336CAD3D1ECE}"
EndProject
Project("{9A19103F-16F7-4668-BE54-9A1E7A4F7556}") = "TheBIADevCompany.BIADemo.WorkerService", "TheBIADevCompany.BIADemo.WorkerService\TheBIADevCompany.BIADemo.WorkerService.csproj", "{6C976803-D3F2-44B0-B7F6-6B8AAD8DD333}"
EndProject
Project("{2150E333-8FDC-42A3-9474-1A3956D46DE8}") = "AdditionalFiles", "AdditionalFiles", "{25ADA917-6580-4F47-A856-CF04AB8CE7B7}"
	ProjectSection(SolutionItems) = preProject
		.gitignore = .gitignore
		BIA.ruleset = BIA.ruleset
		CHANGELOG.md = CHANGELOG.md
		Directory.Build.props = Directory.Build.props
		README.md = README.md
		Switch-To-Nuget.ps1 = Switch-To-Nuget.ps1
		Switch-To-Project.ps1 = Switch-To-Project.ps1
	EndProjectSection
EndProject
Project("{2150E333-8FDC-42A3-9474-1A3956D46DE8}") = "99 - Test", "99 - Test", "{416ECC3A-996F-4D16-BE5F-0774094FCA27}"
EndProject
Project("{9A19103F-16F7-4668-BE54-9A1E7A4F7556}") = "TheBIADevCompany.BIADemo.Test", "TheBIADevCompany.BIADemo.Test\TheBIADevCompany.BIADemo.Test.csproj", "{99D1E791-6C11-4512-9779-1540FCAAA18C}"
EndProject
Project("{9A19103F-16F7-4668-BE54-9A1E7A4F7556}") = "TheBIADevCompany.BIADemo.DeployDB", "TheBIADevCompany.BIADemo.DeployDB\TheBIADevCompany.BIADemo.DeployDB.csproj", "{56D0D92E-471F-48F9-B0C1-A801BCE01F9B}"
EndProject
Project("{2150E333-8FDC-42A3-9474-1A3956D46DE8}") = "BIAPackage", "BIAPackage", "{BE329C0B-070F-4A39-A25C-EF79E7041292}"
EndProject
Project("{FAE04EC0-301F-11D3-BF4B-00C04F79EFBC}") = "BIA.Net.Core.Common", "..\BIAPackage\BIA.Net.Core.Common\BIA.Net.Core.Common.csproj", "{3620D287-FB53-4B21-8F26-C4A4E93935ED}"
EndProject
Project("{FAE04EC0-301F-11D3-BF4B-00C04F79EFBC}") = "BIA.Net.Core.Domain.Dto", "..\BIAPackage\BIA.Net.Core.Domain.Dto\BIA.Net.Core.Domain.Dto.csproj", "{D0AA6C59-F702-4E56-A722-F0DCC5F5CF67}"
EndProject
Project("{FAE04EC0-301F-11D3-BF4B-00C04F79EFBC}") = "BIA.Net.Core.Domain", "..\BIAPackage\BIA.Net.Core.Domain\BIA.Net.Core.Domain.csproj", "{4BDE989B-9D3F-4A62-AB66-FB84C60B9453}"
EndProject
Project("{FAE04EC0-301F-11D3-BF4B-00C04F79EFBC}") = "BIA.Net.Core.Application", "..\BIAPackage\BIA.Net.Core.Application\BIA.Net.Core.Application.csproj", "{A3E81F3A-B2C6-4B3E-82D6-D11C91BCB145}"
EndProject
Project("{FAE04EC0-301F-11D3-BF4B-00C04F79EFBC}") = "BIA.Net.Core.Infrastructure.Data", "..\BIAPackage\BIA.Net.Core.Infrastructure.Data\BIA.Net.Core.Infrastructure.Data.csproj", "{77DB20B7-BD7F-4BA8-8455-D9A4C4A08194}"
EndProject
Project("{FAE04EC0-301F-11D3-BF4B-00C04F79EFBC}") = "BIA.Net.Core.Infrastructure.Service", "..\BIAPackage\BIA.Net.Core.Infrastructure.Service\BIA.Net.Core.Infrastructure.Service.csproj", "{8D557D4E-99DF-465B-A7F1-490425F03714}"
EndProject
Project("{FAE04EC0-301F-11D3-BF4B-00C04F79EFBC}") = "BIA.Net.Core.Ioc", "..\BIAPackage\BIA.Net.Core.Ioc\BIA.Net.Core.Ioc.csproj", "{B64A8C10-6DC4-43A2-9F22-E4ACA944E64F}"
EndProject
Project("{FAE04EC0-301F-11D3-BF4B-00C04F79EFBC}") = "BIA.Net.Core.Presentation.Common", "..\BIAPackage\BIA.Net.Core.Presentation.Common\BIA.Net.Core.Presentation.Common.csproj", "{21ACA593-6DD7-47A2-B69F-787556F0FDF6}"
EndProject
Project("{FAE04EC0-301F-11D3-BF4B-00C04F79EFBC}") = "BIA.Net.Core.Presentation.Api", "..\BIAPackage\BIA.Net.Core.Presentation.Api\BIA.Net.Core.Presentation.Api.csproj", "{2919BE84-DF8D-4E30-AAB8-F05A076E9CB0}"
EndProject
Project("{FAE04EC0-301F-11D3-BF4B-00C04F79EFBC}") = "BIA.Net.Core.Test", "..\BIAPackage\BIA.Net.Core.Test\BIA.Net.Core.Test.csproj", "{22042805-5819-40F2-9011-CEBD8FF98E08}"
EndProject
Project("{FAE04EC0-301F-11D3-BF4B-00C04F79EFBC}") = "BIA.Net.Core.WorkerService", "..\BIAPackage\BIA.Net.Core.WorkerService\BIA.Net.Core.WorkerService.csproj", "{592BF905-D842-4D82-B7A1-C4647A2DFBF7}"
EndProject
Project("{FAE04EC0-301F-11D3-BF4B-00C04F79EFBC}") = "NuGetPackage", "..\BIAPackage\NuGetPackage\NuGetPackage.csproj", "{7CC598B6-ED50-412C-BEF3-B839866EAE68}"
EndProject
Global
	GlobalSection(SolutionConfigurationPlatforms) = preSolution
		Debug|Any CPU = Debug|Any CPU
		Release|Any CPU = Release|Any CPU
		UseHubForClientInPlane|Any CPU = UseHubForClientInPlane|Any CPU
	EndGlobalSection
	GlobalSection(ProjectConfigurationPlatforms) = postSolution
		{2B3C0DF8-44C3-4F12-A248-19C370D32DCE}.Debug|Any CPU.ActiveCfg = Debug|Any CPU
		{2B3C0DF8-44C3-4F12-A248-19C370D32DCE}.Debug|Any CPU.Build.0 = Debug|Any CPU
		{2B3C0DF8-44C3-4F12-A248-19C370D32DCE}.Release|Any CPU.ActiveCfg = Release|Any CPU
		{2B3C0DF8-44C3-4F12-A248-19C370D32DCE}.Release|Any CPU.Build.0 = Release|Any CPU
		{2B3C0DF8-44C3-4F12-A248-19C370D32DCE}.UseHubForClientInPlane|Any CPU.ActiveCfg = UseHubForClientInPlane|Any CPU
		{2B3C0DF8-44C3-4F12-A248-19C370D32DCE}.UseHubForClientInPlane|Any CPU.Build.0 = UseHubForClientInPlane|Any CPU
		{3931751C-8C65-4B60-AC65-93E799C751F0}.Debug|Any CPU.ActiveCfg = Debug|Any CPU
		{3931751C-8C65-4B60-AC65-93E799C751F0}.Debug|Any CPU.Build.0 = Debug|Any CPU
		{3931751C-8C65-4B60-AC65-93E799C751F0}.Release|Any CPU.ActiveCfg = Release|Any CPU
		{3931751C-8C65-4B60-AC65-93E799C751F0}.Release|Any CPU.Build.0 = Release|Any CPU
		{3931751C-8C65-4B60-AC65-93E799C751F0}.UseHubForClientInPlane|Any CPU.ActiveCfg = UseHubForClientInPlane|Any CPU
		{3931751C-8C65-4B60-AC65-93E799C751F0}.UseHubForClientInPlane|Any CPU.Build.0 = UseHubForClientInPlane|Any CPU
		{91A9AE09-5D12-4B93-B9CD-F69732C976B3}.Debug|Any CPU.ActiveCfg = Debug|Any CPU
		{91A9AE09-5D12-4B93-B9CD-F69732C976B3}.Debug|Any CPU.Build.0 = Debug|Any CPU
		{91A9AE09-5D12-4B93-B9CD-F69732C976B3}.Release|Any CPU.ActiveCfg = Release|Any CPU
		{91A9AE09-5D12-4B93-B9CD-F69732C976B3}.Release|Any CPU.Build.0 = Release|Any CPU
		{91A9AE09-5D12-4B93-B9CD-F69732C976B3}.UseHubForClientInPlane|Any CPU.ActiveCfg = UseHubForClientInPlane|Any CPU
		{91A9AE09-5D12-4B93-B9CD-F69732C976B3}.UseHubForClientInPlane|Any CPU.Build.0 = UseHubForClientInPlane|Any CPU
		{7363EC20-0B47-4BC6-8A33-DCD852346660}.Debug|Any CPU.ActiveCfg = Debug|Any CPU
		{7363EC20-0B47-4BC6-8A33-DCD852346660}.Debug|Any CPU.Build.0 = Debug|Any CPU
		{7363EC20-0B47-4BC6-8A33-DCD852346660}.Release|Any CPU.ActiveCfg = Release|Any CPU
		{7363EC20-0B47-4BC6-8A33-DCD852346660}.Release|Any CPU.Build.0 = Release|Any CPU
		{7363EC20-0B47-4BC6-8A33-DCD852346660}.UseHubForClientInPlane|Any CPU.ActiveCfg = UseHubForClientInPlane|Any CPU
		{7363EC20-0B47-4BC6-8A33-DCD852346660}.UseHubForClientInPlane|Any CPU.Build.0 = UseHubForClientInPlane|Any CPU
		{11BE99EE-6C10-48DF-9F01-45D057E5F8C0}.Debug|Any CPU.ActiveCfg = Debug|Any CPU
		{11BE99EE-6C10-48DF-9F01-45D057E5F8C0}.Debug|Any CPU.Build.0 = Debug|Any CPU
		{11BE99EE-6C10-48DF-9F01-45D057E5F8C0}.Release|Any CPU.ActiveCfg = Release|Any CPU
		{11BE99EE-6C10-48DF-9F01-45D057E5F8C0}.Release|Any CPU.Build.0 = Release|Any CPU
		{11BE99EE-6C10-48DF-9F01-45D057E5F8C0}.UseHubForClientInPlane|Any CPU.ActiveCfg = UseHubForClientInPlane|Any CPU
		{11BE99EE-6C10-48DF-9F01-45D057E5F8C0}.UseHubForClientInPlane|Any CPU.Build.0 = UseHubForClientInPlane|Any CPU
		{61BC44EC-19C2-44C5-A352-D99F19C832CB}.Debug|Any CPU.ActiveCfg = Debug|Any CPU
		{61BC44EC-19C2-44C5-A352-D99F19C832CB}.Debug|Any CPU.Build.0 = Debug|Any CPU
		{61BC44EC-19C2-44C5-A352-D99F19C832CB}.Release|Any CPU.ActiveCfg = Release|Any CPU
		{61BC44EC-19C2-44C5-A352-D99F19C832CB}.Release|Any CPU.Build.0 = Release|Any CPU
		{61BC44EC-19C2-44C5-A352-D99F19C832CB}.UseHubForClientInPlane|Any CPU.ActiveCfg = UseHubForClientInPlane|Any CPU
		{61BC44EC-19C2-44C5-A352-D99F19C832CB}.UseHubForClientInPlane|Any CPU.Build.0 = UseHubForClientInPlane|Any CPU
		{AD8DDF03-2484-43D6-B68A-F34EB70B1EDB}.Debug|Any CPU.ActiveCfg = Debug|Any CPU
		{AD8DDF03-2484-43D6-B68A-F34EB70B1EDB}.Debug|Any CPU.Build.0 = Debug|Any CPU
		{AD8DDF03-2484-43D6-B68A-F34EB70B1EDB}.Release|Any CPU.ActiveCfg = Release|Any CPU
		{AD8DDF03-2484-43D6-B68A-F34EB70B1EDB}.Release|Any CPU.Build.0 = Release|Any CPU
		{AD8DDF03-2484-43D6-B68A-F34EB70B1EDB}.UseHubForClientInPlane|Any CPU.ActiveCfg = UseHubForClientInPlane|Any CPU
		{AD8DDF03-2484-43D6-B68A-F34EB70B1EDB}.UseHubForClientInPlane|Any CPU.Build.0 = UseHubForClientInPlane|Any CPU
		{814971AB-8B45-4EDF-A529-336CAD3D1ECE}.Debug|Any CPU.ActiveCfg = Debug|Any CPU
		{814971AB-8B45-4EDF-A529-336CAD3D1ECE}.Debug|Any CPU.Build.0 = Debug|Any CPU
		{814971AB-8B45-4EDF-A529-336CAD3D1ECE}.Release|Any CPU.ActiveCfg = Release|Any CPU
		{814971AB-8B45-4EDF-A529-336CAD3D1ECE}.Release|Any CPU.Build.0 = Release|Any CPU
		{814971AB-8B45-4EDF-A529-336CAD3D1ECE}.UseHubForClientInPlane|Any CPU.ActiveCfg = UseHubForClientInPlane|Any CPU
		{814971AB-8B45-4EDF-A529-336CAD3D1ECE}.UseHubForClientInPlane|Any CPU.Build.0 = UseHubForClientInPlane|Any CPU
		{6C976803-D3F2-44B0-B7F6-6B8AAD8DD333}.Debug|Any CPU.ActiveCfg = Debug|Any CPU
		{6C976803-D3F2-44B0-B7F6-6B8AAD8DD333}.Debug|Any CPU.Build.0 = Debug|Any CPU
		{6C976803-D3F2-44B0-B7F6-6B8AAD8DD333}.Release|Any CPU.ActiveCfg = Release|Any CPU
		{6C976803-D3F2-44B0-B7F6-6B8AAD8DD333}.Release|Any CPU.Build.0 = Release|Any CPU
		{6C976803-D3F2-44B0-B7F6-6B8AAD8DD333}.UseHubForClientInPlane|Any CPU.ActiveCfg = UseHubForClientInPlane|Any CPU
		{6C976803-D3F2-44B0-B7F6-6B8AAD8DD333}.UseHubForClientInPlane|Any CPU.Build.0 = UseHubForClientInPlane|Any CPU
		{99D1E791-6C11-4512-9779-1540FCAAA18C}.Debug|Any CPU.ActiveCfg = Debug|Any CPU
		{99D1E791-6C11-4512-9779-1540FCAAA18C}.Debug|Any CPU.Build.0 = Debug|Any CPU
		{99D1E791-6C11-4512-9779-1540FCAAA18C}.Release|Any CPU.ActiveCfg = Release|Any CPU
		{99D1E791-6C11-4512-9779-1540FCAAA18C}.Release|Any CPU.Build.0 = Release|Any CPU
		{99D1E791-6C11-4512-9779-1540FCAAA18C}.UseHubForClientInPlane|Any CPU.ActiveCfg = UseHubForClientInPlane|Any CPU
		{99D1E791-6C11-4512-9779-1540FCAAA18C}.UseHubForClientInPlane|Any CPU.Build.0 = UseHubForClientInPlane|Any CPU
		{56D0D92E-471F-48F9-B0C1-A801BCE01F9B}.Debug|Any CPU.ActiveCfg = Debug|Any CPU
		{56D0D92E-471F-48F9-B0C1-A801BCE01F9B}.Debug|Any CPU.Build.0 = Debug|Any CPU
		{56D0D92E-471F-48F9-B0C1-A801BCE01F9B}.Release|Any CPU.ActiveCfg = Release|Any CPU
		{56D0D92E-471F-48F9-B0C1-A801BCE01F9B}.Release|Any CPU.Build.0 = Release|Any CPU
		{56D0D92E-471F-48F9-B0C1-A801BCE01F9B}.UseHubForClientInPlane|Any CPU.ActiveCfg = UseHubForClientInPlane|Any CPU
		{56D0D92E-471F-48F9-B0C1-A801BCE01F9B}.UseHubForClientInPlane|Any CPU.Build.0 = UseHubForClientInPlane|Any CPU
		{3620D287-FB53-4B21-8F26-C4A4E93935ED}.Debug|Any CPU.ActiveCfg = Debug|Any CPU
		{3620D287-FB53-4B21-8F26-C4A4E93935ED}.Debug|Any CPU.Build.0 = Debug|Any CPU
		{3620D287-FB53-4B21-8F26-C4A4E93935ED}.Release|Any CPU.ActiveCfg = Release|Any CPU
		{3620D287-FB53-4B21-8F26-C4A4E93935ED}.Release|Any CPU.Build.0 = Release|Any CPU
		{3620D287-FB53-4B21-8F26-C4A4E93935ED}.UseHubForClientInPlane|Any CPU.ActiveCfg = Debug|Any CPU
		{3620D287-FB53-4B21-8F26-C4A4E93935ED}.UseHubForClientInPlane|Any CPU.Build.0 = Debug|Any CPU
		{D0AA6C59-F702-4E56-A722-F0DCC5F5CF67}.Debug|Any CPU.ActiveCfg = Debug|Any CPU
		{D0AA6C59-F702-4E56-A722-F0DCC5F5CF67}.Debug|Any CPU.Build.0 = Debug|Any CPU
		{D0AA6C59-F702-4E56-A722-F0DCC5F5CF67}.Release|Any CPU.ActiveCfg = Release|Any CPU
		{D0AA6C59-F702-4E56-A722-F0DCC5F5CF67}.Release|Any CPU.Build.0 = Release|Any CPU
		{D0AA6C59-F702-4E56-A722-F0DCC5F5CF67}.UseHubForClientInPlane|Any CPU.ActiveCfg = Debug|Any CPU
		{D0AA6C59-F702-4E56-A722-F0DCC5F5CF67}.UseHubForClientInPlane|Any CPU.Build.0 = Debug|Any CPU
		{4BDE989B-9D3F-4A62-AB66-FB84C60B9453}.Debug|Any CPU.ActiveCfg = Debug|Any CPU
		{4BDE989B-9D3F-4A62-AB66-FB84C60B9453}.Debug|Any CPU.Build.0 = Debug|Any CPU
		{4BDE989B-9D3F-4A62-AB66-FB84C60B9453}.Release|Any CPU.ActiveCfg = Release|Any CPU
		{4BDE989B-9D3F-4A62-AB66-FB84C60B9453}.Release|Any CPU.Build.0 = Release|Any CPU
		{4BDE989B-9D3F-4A62-AB66-FB84C60B9453}.UseHubForClientInPlane|Any CPU.ActiveCfg = Debug|Any CPU
		{4BDE989B-9D3F-4A62-AB66-FB84C60B9453}.UseHubForClientInPlane|Any CPU.Build.0 = Debug|Any CPU
		{A3E81F3A-B2C6-4B3E-82D6-D11C91BCB145}.Debug|Any CPU.ActiveCfg = Debug|Any CPU
		{A3E81F3A-B2C6-4B3E-82D6-D11C91BCB145}.Debug|Any CPU.Build.0 = Debug|Any CPU
		{A3E81F3A-B2C6-4B3E-82D6-D11C91BCB145}.Release|Any CPU.ActiveCfg = Release|Any CPU
		{A3E81F3A-B2C6-4B3E-82D6-D11C91BCB145}.Release|Any CPU.Build.0 = Release|Any CPU
		{A3E81F3A-B2C6-4B3E-82D6-D11C91BCB145}.UseHubForClientInPlane|Any CPU.ActiveCfg = Debug|Any CPU
		{A3E81F3A-B2C6-4B3E-82D6-D11C91BCB145}.UseHubForClientInPlane|Any CPU.Build.0 = Debug|Any CPU
		{77DB20B7-BD7F-4BA8-8455-D9A4C4A08194}.Debug|Any CPU.ActiveCfg = Debug|Any CPU
		{77DB20B7-BD7F-4BA8-8455-D9A4C4A08194}.Debug|Any CPU.Build.0 = Debug|Any CPU
		{77DB20B7-BD7F-4BA8-8455-D9A4C4A08194}.Release|Any CPU.ActiveCfg = Release|Any CPU
		{77DB20B7-BD7F-4BA8-8455-D9A4C4A08194}.Release|Any CPU.Build.0 = Release|Any CPU
		{77DB20B7-BD7F-4BA8-8455-D9A4C4A08194}.UseHubForClientInPlane|Any CPU.ActiveCfg = Debug|Any CPU
		{77DB20B7-BD7F-4BA8-8455-D9A4C4A08194}.UseHubForClientInPlane|Any CPU.Build.0 = Debug|Any CPU
		{8D557D4E-99DF-465B-A7F1-490425F03714}.Debug|Any CPU.ActiveCfg = Debug|Any CPU
		{8D557D4E-99DF-465B-A7F1-490425F03714}.Debug|Any CPU.Build.0 = Debug|Any CPU
		{8D557D4E-99DF-465B-A7F1-490425F03714}.Release|Any CPU.ActiveCfg = Release|Any CPU
		{8D557D4E-99DF-465B-A7F1-490425F03714}.Release|Any CPU.Build.0 = Release|Any CPU
		{8D557D4E-99DF-465B-A7F1-490425F03714}.UseHubForClientInPlane|Any CPU.ActiveCfg = Debug|Any CPU
		{8D557D4E-99DF-465B-A7F1-490425F03714}.UseHubForClientInPlane|Any CPU.Build.0 = Debug|Any CPU
		{B64A8C10-6DC4-43A2-9F22-E4ACA944E64F}.Debug|Any CPU.ActiveCfg = Debug|Any CPU
		{B64A8C10-6DC4-43A2-9F22-E4ACA944E64F}.Debug|Any CPU.Build.0 = Debug|Any CPU
		{B64A8C10-6DC4-43A2-9F22-E4ACA944E64F}.Release|Any CPU.ActiveCfg = Release|Any CPU
		{B64A8C10-6DC4-43A2-9F22-E4ACA944E64F}.Release|Any CPU.Build.0 = Release|Any CPU
		{B64A8C10-6DC4-43A2-9F22-E4ACA944E64F}.UseHubForClientInPlane|Any CPU.ActiveCfg = Debug|Any CPU
		{B64A8C10-6DC4-43A2-9F22-E4ACA944E64F}.UseHubForClientInPlane|Any CPU.Build.0 = Debug|Any CPU
		{21ACA593-6DD7-47A2-B69F-787556F0FDF6}.Debug|Any CPU.ActiveCfg = Debug|Any CPU
		{21ACA593-6DD7-47A2-B69F-787556F0FDF6}.Debug|Any CPU.Build.0 = Debug|Any CPU
		{21ACA593-6DD7-47A2-B69F-787556F0FDF6}.Release|Any CPU.ActiveCfg = Release|Any CPU
		{21ACA593-6DD7-47A2-B69F-787556F0FDF6}.Release|Any CPU.Build.0 = Release|Any CPU
		{21ACA593-6DD7-47A2-B69F-787556F0FDF6}.UseHubForClientInPlane|Any CPU.ActiveCfg = Debug|Any CPU
		{21ACA593-6DD7-47A2-B69F-787556F0FDF6}.UseHubForClientInPlane|Any CPU.Build.0 = Debug|Any CPU
		{2919BE84-DF8D-4E30-AAB8-F05A076E9CB0}.Debug|Any CPU.ActiveCfg = Debug|Any CPU
		{2919BE84-DF8D-4E30-AAB8-F05A076E9CB0}.Debug|Any CPU.Build.0 = Debug|Any CPU
		{2919BE84-DF8D-4E30-AAB8-F05A076E9CB0}.Release|Any CPU.ActiveCfg = Release|Any CPU
		{2919BE84-DF8D-4E30-AAB8-F05A076E9CB0}.Release|Any CPU.Build.0 = Release|Any CPU
		{2919BE84-DF8D-4E30-AAB8-F05A076E9CB0}.UseHubForClientInPlane|Any CPU.ActiveCfg = Debug|Any CPU
		{2919BE84-DF8D-4E30-AAB8-F05A076E9CB0}.UseHubForClientInPlane|Any CPU.Build.0 = Debug|Any CPU
		{22042805-5819-40F2-9011-CEBD8FF98E08}.Debug|Any CPU.ActiveCfg = Debug|Any CPU
		{22042805-5819-40F2-9011-CEBD8FF98E08}.Debug|Any CPU.Build.0 = Debug|Any CPU
		{22042805-5819-40F2-9011-CEBD8FF98E08}.Release|Any CPU.ActiveCfg = Release|Any CPU
		{22042805-5819-40F2-9011-CEBD8FF98E08}.Release|Any CPU.Build.0 = Release|Any CPU
		{22042805-5819-40F2-9011-CEBD8FF98E08}.UseHubForClientInPlane|Any CPU.ActiveCfg = Debug|Any CPU
		{22042805-5819-40F2-9011-CEBD8FF98E08}.UseHubForClientInPlane|Any CPU.Build.0 = Debug|Any CPU
		{592BF905-D842-4D82-B7A1-C4647A2DFBF7}.Debug|Any CPU.ActiveCfg = Debug|Any CPU
		{592BF905-D842-4D82-B7A1-C4647A2DFBF7}.Debug|Any CPU.Build.0 = Debug|Any CPU
		{592BF905-D842-4D82-B7A1-C4647A2DFBF7}.Release|Any CPU.ActiveCfg = Release|Any CPU
		{592BF905-D842-4D82-B7A1-C4647A2DFBF7}.Release|Any CPU.Build.0 = Release|Any CPU
		{592BF905-D842-4D82-B7A1-C4647A2DFBF7}.UseHubForClientInPlane|Any CPU.ActiveCfg = Debug|Any CPU
		{592BF905-D842-4D82-B7A1-C4647A2DFBF7}.UseHubForClientInPlane|Any CPU.Build.0 = Debug|Any CPU
		{7CC598B6-ED50-412C-BEF3-B839866EAE68}.Debug|Any CPU.ActiveCfg = Debug|Any CPU
		{7CC598B6-ED50-412C-BEF3-B839866EAE68}.Debug|Any CPU.Build.0 = Debug|Any CPU
		{7CC598B6-ED50-412C-BEF3-B839866EAE68}.Release|Any CPU.ActiveCfg = Release|Any CPU
		{7CC598B6-ED50-412C-BEF3-B839866EAE68}.Release|Any CPU.Build.0 = Release|Any CPU
		{7CC598B6-ED50-412C-BEF3-B839866EAE68}.UseHubForClientInPlane|Any CPU.ActiveCfg = Debug|Any CPU
		{7CC598B6-ED50-412C-BEF3-B839866EAE68}.UseHubForClientInPlane|Any CPU.Build.0 = Debug|Any CPU
	EndGlobalSection
	GlobalSection(SolutionProperties) = preSolution
		HideSolutionNode = FALSE
	EndGlobalSection
	GlobalSection(NestedProjects) = preSolution
		{2B3C0DF8-44C3-4F12-A248-19C370D32DCE} = {CD137582-30F5-4875-8481-C9017FAC9AE3}
		{3931751C-8C65-4B60-AC65-93E799C751F0} = {EBD788A9-9C14-4751-AF22-5C8928D09525}
		{91A9AE09-5D12-4B93-B9CD-F69732C976B3} = {5D661929-3F9A-4617-8406-46A3C133BB2E}
		{7363EC20-0B47-4BC6-8A33-DCD852346660} = {5D661929-3F9A-4617-8406-46A3C133BB2E}
		{11BE99EE-6C10-48DF-9F01-45D057E5F8C0} = {C9EE7482-A883-4D78-86C1-9575FDF7C1BE}
		{61BC44EC-19C2-44C5-A352-D99F19C832CB} = {F7D547DD-7A5D-4CD0-9AE2-07E6CF683025}
		{AD8DDF03-2484-43D6-B68A-F34EB70B1EDB} = {F7D547DD-7A5D-4CD0-9AE2-07E6CF683025}
		{814971AB-8B45-4EDF-A529-336CAD3D1ECE} = {C9EE7482-A883-4D78-86C1-9575FDF7C1BE}
		{6C976803-D3F2-44B0-B7F6-6B8AAD8DD333} = {CD137582-30F5-4875-8481-C9017FAC9AE3}
		{99D1E791-6C11-4512-9779-1540FCAAA18C} = {416ECC3A-996F-4D16-BE5F-0774094FCA27}
		{56D0D92E-471F-48F9-B0C1-A801BCE01F9B} = {CD137582-30F5-4875-8481-C9017FAC9AE3}
		{3620D287-FB53-4B21-8F26-C4A4E93935ED} = {BE329C0B-070F-4A39-A25C-EF79E7041292}
		{D0AA6C59-F702-4E56-A722-F0DCC5F5CF67} = {BE329C0B-070F-4A39-A25C-EF79E7041292}
		{4BDE989B-9D3F-4A62-AB66-FB84C60B9453} = {BE329C0B-070F-4A39-A25C-EF79E7041292}
		{A3E81F3A-B2C6-4B3E-82D6-D11C91BCB145} = {BE329C0B-070F-4A39-A25C-EF79E7041292}
		{77DB20B7-BD7F-4BA8-8455-D9A4C4A08194} = {BE329C0B-070F-4A39-A25C-EF79E7041292}
		{8D557D4E-99DF-465B-A7F1-490425F03714} = {BE329C0B-070F-4A39-A25C-EF79E7041292}
		{B64A8C10-6DC4-43A2-9F22-E4ACA944E64F} = {BE329C0B-070F-4A39-A25C-EF79E7041292}
		{21ACA593-6DD7-47A2-B69F-787556F0FDF6} = {BE329C0B-070F-4A39-A25C-EF79E7041292}
		{2919BE84-DF8D-4E30-AAB8-F05A076E9CB0} = {BE329C0B-070F-4A39-A25C-EF79E7041292}
		{22042805-5819-40F2-9011-CEBD8FF98E08} = {BE329C0B-070F-4A39-A25C-EF79E7041292}
		{592BF905-D842-4D82-B7A1-C4647A2DFBF7} = {BE329C0B-070F-4A39-A25C-EF79E7041292}
		{7CC598B6-ED50-412C-BEF3-B839866EAE68} = {BE329C0B-070F-4A39-A25C-EF79E7041292}
	EndGlobalSection
	GlobalSection(ExtensibilityGlobals) = postSolution
		SolutionGuid = {6D07EDEA-2197-4E6C-8665-3D76E7D31E14}
	EndGlobalSection
EndGlobal
