
Microsoft Visual Studio Solution File, Format Version 12.00
# Visual Studio Version 16
VisualStudioVersion = 16.0.30011.22
MinimumVisualStudioVersion = 10.0.40219.1
Project("{2150E333-8FDC-42A3-9474-1A3956D46DE8}") = "01 - Presentation", "01 - Presentation", "{CD137582-30F5-4875-8481-C9017FAC9AE3}"
EndProject
Project("{9A19103F-16F7-4668-BE54-9A1E7A4F7556}") = "TheBIADevCompany.BIADemo.Presentation.Api", "TheBIADevCompany.BIADemo.Presentation.Api\TheBIADevCompany.BIADemo.Presentation.Api.csproj", "{2B3C0DF8-44C3-4F12-A248-19C370D32DCE}"
EndProject
Project("{2150E333-8FDC-42A3-9474-1A3956D46DE8}") = "02 - Application", "02 - Application", "{EBD788A9-9C14-4751-AF22-5C8928D09525}"
EndProject
Project("{9A19103F-16F7-4668-BE54-9A1E7A4F7556}") = "TheBIADevCompany.BIADemo.Application", "TheBIADevCompany.BIADemo.Application\TheBIADevCompany.BIADemo.Application.csproj", "{3931751C-8C65-4B60-AC65-93E799C751F0}"
EndProject
Project("{2150E333-8FDC-42A3-9474-1A3956D46DE8}") = "03 - Domain", "03 - Domain", "{5D661929-3F9A-4617-8406-46A3C133BB2E}"
EndProject
Project("{9A19103F-16F7-4668-BE54-9A1E7A4F7556}") = "TheBIADevCompany.BIADemo.Domain", "TheBIADevCompany.BIADemo.Domain\TheBIADevCompany.BIADemo.Domain.csproj", "{91A9AE09-5D12-4B93-B9CD-F69732C976B3}"
EndProject
Project("{9A19103F-16F7-4668-BE54-9A1E7A4F7556}") = "TheBIADevCompany.BIADemo.Domain.Dto", "TheBIADevCompany.BIADemo.Domain.Dto\TheBIADevCompany.BIADemo.Domain.Dto.csproj", "{7363EC20-0B47-4BC6-8A33-DCD852346660}"
EndProject
Project("{2150E333-8FDC-42A3-9474-1A3956D46DE8}") = "04 - Infrastructure", "04 - Infrastructure", "{C9EE7482-A883-4D78-86C1-9575FDF7C1BE}"
EndProject
Project("{9A19103F-16F7-4668-BE54-9A1E7A4F7556}") = "TheBIADevCompany.BIADemo.Infrastructure.Data", "TheBIADevCompany.BIADemo.Infrastructure.Data\TheBIADevCompany.BIADemo.Infrastructure.Data.csproj", "{11BE99EE-6C10-48DF-9F01-45D057E5F8C0}"
EndProject
Project("{2150E333-8FDC-42A3-9474-1A3956D46DE8}") = "05 - Crosscutting", "05 - Crosscutting", "{F7D547DD-7A5D-4CD0-9AE2-07E6CF683025}"
EndProject
Project("{9A19103F-16F7-4668-BE54-9A1E7A4F7556}") = "TheBIADevCompany.BIADemo.Crosscutting.Common", "TheBIADevCompany.BIADemo.Crosscutting.Common\TheBIADevCompany.BIADemo.Crosscutting.Common.csproj", "{61BC44EC-19C2-44C5-A352-D99F19C832CB}"
EndProject
Project("{9A19103F-16F7-4668-BE54-9A1E7A4F7556}") = "TheBIADevCompany.BIADemo.Crosscutting.Ioc", "TheBIADevCompany.BIADemo.Crosscutting.Ioc\TheBIADevCompany.BIADemo.Crosscutting.Ioc.csproj", "{AD8DDF03-2484-43D6-B68A-F34EB70B1EDB}"
EndProject
Project("{9A19103F-16F7-4668-BE54-9A1E7A4F7556}") = "TheBIADevCompany.BIADemo.Infrastructure.Service", "TheBIADevCompany.BIADemo.Infrastructure.Service\TheBIADevCompany.BIADemo.Infrastructure.Service.csproj", "{814971AB-8B45-4EDF-A529-336CAD3D1ECE}"
EndProject
Project("{9A19103F-16F7-4668-BE54-9A1E7A4F7556}") = "TheBIADevCompany.BIADemo.WorkerService", "TheBIADevCompany.BIADemo.WorkerService\TheBIADevCompany.BIADemo.WorkerService.csproj", "{6C976803-D3F2-44B0-B7F6-6B8AAD8DD333}"
EndProject
Project("{2150E333-8FDC-42A3-9474-1A3956D46DE8}") = "AdditionalFiles", "AdditionalFiles", "{25ADA917-6580-4F47-A856-CF04AB8CE7B7}"
	ProjectSection(SolutionItems) = preProject
		.gitignore = .gitignore
		BIA.ruleset = BIA.ruleset
		CHANGELOG.md = CHANGELOG.md
		Directory.Build.props = Directory.Build.props
		README.md = README.md
		Switch-To-Nuget.ps1 = Switch-To-Nuget.ps1
		Switch-To-Project.ps1 = Switch-To-Project.ps1
	EndProjectSection
EndProject
Project("{2150E333-8FDC-42A3-9474-1A3956D46DE8}") = "99 - Test", "99 - Test", "{416ECC3A-996F-4D16-BE5F-0774094FCA27}"
EndProject
Project("{9A19103F-16F7-4668-BE54-9A1E7A4F7556}") = "TheBIADevCompany.BIADemo.Test", "TheBIADevCompany.BIADemo.Test\TheBIADevCompany.BIADemo.Test.csproj", "{99D1E791-6C11-4512-9779-1540FCAAA18C}"
EndProject
Project("{9A19103F-16F7-4668-BE54-9A1E7A4F7556}") = "TheBIADevCompany.BIADemo.DeployDB", "TheBIADevCompany.BIADemo.DeployDB\TheBIADevCompany.BIADemo.DeployDB.csproj", "{56D0D92E-471F-48F9-B0C1-A801BCE01F9B}"
EndProject
Project("{2150E333-8FDC-42A3-9474-1A3956D46DE8}") = "BIAPackage", "BIAPackage", "{1DEDDFFC-BA47-4130-BEBE-7C61EDBEAF36}"
EndProject
Project("{FAE04EC0-301F-11D3-BF4B-00C04F79EFBC}") = "BIA.Net.Core.Common", "..\BIAPackage\BIA.Net.Core.Common\BIA.Net.Core.Common.csproj", "{CE148486-D27F-454B-9C08-FBFF4196FA1E}"
EndProject
Project("{FAE04EC0-301F-11D3-BF4B-00C04F79EFBC}") = "BIA.Net.Core.Domain.Dto", "..\BIAPackage\BIA.Net.Core.Domain.Dto\BIA.Net.Core.Domain.Dto.csproj", "{D9E36F25-D17E-4E5D-9A42-F531824D74B0}"
EndProject
Project("{FAE04EC0-301F-11D3-BF4B-00C04F79EFBC}") = "BIA.Net.Core.Domain", "..\BIAPackage\BIA.Net.Core.Domain\BIA.Net.Core.Domain.csproj", "{081BD76F-0C3B-4BEE-80E5-F4532DAB2510}"
EndProject
Project("{FAE04EC0-301F-11D3-BF4B-00C04F79EFBC}") = "BIA.Net.Core.Application", "..\BIAPackage\BIA.Net.Core.Application\BIA.Net.Core.Application.csproj", "{69FE9956-8763-458D-B5A7-43A2452A9325}"
EndProject
Project("{FAE04EC0-301F-11D3-BF4B-00C04F79EFBC}") = "BIA.Net.Core.Infrastructure.Data", "..\BIAPackage\BIA.Net.Core.Infrastructure.Data\BIA.Net.Core.Infrastructure.Data.csproj", "{B726736C-2448-415E-B898-107418DF63F5}"
EndProject
Project("{FAE04EC0-301F-11D3-BF4B-00C04F79EFBC}") = "BIA.Net.Core.Infrastructure.Service", "..\BIAPackage\BIA.Net.Core.Infrastructure.Service\BIA.Net.Core.Infrastructure.Service.csproj", "{2FF9C177-29E2-4CDD-B983-BD53EA39923D}"
EndProject
Project("{FAE04EC0-301F-11D3-BF4B-00C04F79EFBC}") = "BIA.Net.Core.Ioc", "..\BIAPackage\BIA.Net.Core.Ioc\BIA.Net.Core.Ioc.csproj", "{61DBA373-AE99-44A1-9FAE-C8A7F3D144BD}"
EndProject
Project("{FAE04EC0-301F-11D3-BF4B-00C04F79EFBC}") = "BIA.Net.Core.Presentation.Common", "..\BIAPackage\BIA.Net.Core.Presentation.Common\BIA.Net.Core.Presentation.Common.csproj", "{125EFCA4-6744-4434-B0CE-0C884F2CFB59}"
EndProject
Project("{FAE04EC0-301F-11D3-BF4B-00C04F79EFBC}") = "BIA.Net.Core.Presentation.Api", "..\BIAPackage\BIA.Net.Core.Presentation.Api\BIA.Net.Core.Presentation.Api.csproj", "{703EB9FC-5FBD-46EB-9CAF-F73355D5BD94}"
EndProject
Project("{FAE04EC0-301F-11D3-BF4B-00C04F79EFBC}") = "BIA.Net.Core.Test", "..\BIAPackage\BIA.Net.Core.Test\BIA.Net.Core.Test.csproj", "{41B96F58-D025-4732-8EEA-9CE9B19A15B5}"
EndProject
Project("{FAE04EC0-301F-11D3-BF4B-00C04F79EFBC}") = "BIA.Net.Core.WorkerService", "..\BIAPackage\BIA.Net.Core.WorkerService\BIA.Net.Core.WorkerService.csproj", "{6DB33A2E-C401-4E3C-8EEF-2FE5FF9C8938}"
EndProject
Project("{FAE04EC0-301F-11D3-BF4B-00C04F79EFBC}") = "NuGetPackage", "..\BIAPackage\NuGetPackage\NuGetPackage.csproj", "{F2805587-2AB8-4EA9-B309-9B927B865179}"
EndProject
Global
	GlobalSection(SolutionConfigurationPlatforms) = preSolution
		Debug|Any CPU = Debug|Any CPU
		Release|Any CPU = Release|Any CPU
		UseHubForClientInPlane|Any CPU = UseHubForClientInPlane|Any CPU
	EndGlobalSection
	GlobalSection(ProjectConfigurationPlatforms) = postSolution
		{2B3C0DF8-44C3-4F12-A248-19C370D32DCE}.Debug|Any CPU.ActiveCfg = Debug|Any CPU
		{2B3C0DF8-44C3-4F12-A248-19C370D32DCE}.Debug|Any CPU.Build.0 = Debug|Any CPU
		{2B3C0DF8-44C3-4F12-A248-19C370D32DCE}.Release|Any CPU.ActiveCfg = Release|Any CPU
		{2B3C0DF8-44C3-4F12-A248-19C370D32DCE}.Release|Any CPU.Build.0 = Release|Any CPU
		{2B3C0DF8-44C3-4F12-A248-19C370D32DCE}.UseHubForClientInPlane|Any CPU.ActiveCfg = UseHubForClientInPlane|Any CPU
		{2B3C0DF8-44C3-4F12-A248-19C370D32DCE}.UseHubForClientInPlane|Any CPU.Build.0 = UseHubForClientInPlane|Any CPU
		{3931751C-8C65-4B60-AC65-93E799C751F0}.Debug|Any CPU.ActiveCfg = Debug|Any CPU
		{3931751C-8C65-4B60-AC65-93E799C751F0}.Debug|Any CPU.Build.0 = Debug|Any CPU
		{3931751C-8C65-4B60-AC65-93E799C751F0}.Release|Any CPU.ActiveCfg = Release|Any CPU
		{3931751C-8C65-4B60-AC65-93E799C751F0}.Release|Any CPU.Build.0 = Release|Any CPU
		{3931751C-8C65-4B60-AC65-93E799C751F0}.UseHubForClientInPlane|Any CPU.ActiveCfg = UseHubForClientInPlane|Any CPU
		{3931751C-8C65-4B60-AC65-93E799C751F0}.UseHubForClientInPlane|Any CPU.Build.0 = UseHubForClientInPlane|Any CPU
		{91A9AE09-5D12-4B93-B9CD-F69732C976B3}.Debug|Any CPU.ActiveCfg = Debug|Any CPU
		{91A9AE09-5D12-4B93-B9CD-F69732C976B3}.Debug|Any CPU.Build.0 = Debug|Any CPU
		{91A9AE09-5D12-4B93-B9CD-F69732C976B3}.Release|Any CPU.ActiveCfg = Release|Any CPU
		{91A9AE09-5D12-4B93-B9CD-F69732C976B3}.Release|Any CPU.Build.0 = Release|Any CPU
		{91A9AE09-5D12-4B93-B9CD-F69732C976B3}.UseHubForClientInPlane|Any CPU.ActiveCfg = UseHubForClientInPlane|Any CPU
		{91A9AE09-5D12-4B93-B9CD-F69732C976B3}.UseHubForClientInPlane|Any CPU.Build.0 = UseHubForClientInPlane|Any CPU
		{7363EC20-0B47-4BC6-8A33-DCD852346660}.Debug|Any CPU.ActiveCfg = Debug|Any CPU
		{7363EC20-0B47-4BC6-8A33-DCD852346660}.Debug|Any CPU.Build.0 = Debug|Any CPU
		{7363EC20-0B47-4BC6-8A33-DCD852346660}.Release|Any CPU.ActiveCfg = Release|Any CPU
		{7363EC20-0B47-4BC6-8A33-DCD852346660}.Release|Any CPU.Build.0 = Release|Any CPU
		{7363EC20-0B47-4BC6-8A33-DCD852346660}.UseHubForClientInPlane|Any CPU.ActiveCfg = UseHubForClientInPlane|Any CPU
		{7363EC20-0B47-4BC6-8A33-DCD852346660}.UseHubForClientInPlane|Any CPU.Build.0 = UseHubForClientInPlane|Any CPU
		{11BE99EE-6C10-48DF-9F01-45D057E5F8C0}.Debug|Any CPU.ActiveCfg = Debug|Any CPU
		{11BE99EE-6C10-48DF-9F01-45D057E5F8C0}.Debug|Any CPU.Build.0 = Debug|Any CPU
		{11BE99EE-6C10-48DF-9F01-45D057E5F8C0}.Release|Any CPU.ActiveCfg = Release|Any CPU
		{11BE99EE-6C10-48DF-9F01-45D057E5F8C0}.Release|Any CPU.Build.0 = Release|Any CPU
		{11BE99EE-6C10-48DF-9F01-45D057E5F8C0}.UseHubForClientInPlane|Any CPU.ActiveCfg = UseHubForClientInPlane|Any CPU
		{11BE99EE-6C10-48DF-9F01-45D057E5F8C0}.UseHubForClientInPlane|Any CPU.Build.0 = UseHubForClientInPlane|Any CPU
		{61BC44EC-19C2-44C5-A352-D99F19C832CB}.Debug|Any CPU.ActiveCfg = Debug|Any CPU
		{61BC44EC-19C2-44C5-A352-D99F19C832CB}.Debug|Any CPU.Build.0 = Debug|Any CPU
		{61BC44EC-19C2-44C5-A352-D99F19C832CB}.Release|Any CPU.ActiveCfg = Release|Any CPU
		{61BC44EC-19C2-44C5-A352-D99F19C832CB}.Release|Any CPU.Build.0 = Release|Any CPU
		{61BC44EC-19C2-44C5-A352-D99F19C832CB}.UseHubForClientInPlane|Any CPU.ActiveCfg = UseHubForClientInPlane|Any CPU
		{61BC44EC-19C2-44C5-A352-D99F19C832CB}.UseHubForClientInPlane|Any CPU.Build.0 = UseHubForClientInPlane|Any CPU
		{AD8DDF03-2484-43D6-B68A-F34EB70B1EDB}.Debug|Any CPU.ActiveCfg = Debug|Any CPU
		{AD8DDF03-2484-43D6-B68A-F34EB70B1EDB}.Debug|Any CPU.Build.0 = Debug|Any CPU
		{AD8DDF03-2484-43D6-B68A-F34EB70B1EDB}.Release|Any CPU.ActiveCfg = Release|Any CPU
		{AD8DDF03-2484-43D6-B68A-F34EB70B1EDB}.Release|Any CPU.Build.0 = Release|Any CPU
		{AD8DDF03-2484-43D6-B68A-F34EB70B1EDB}.UseHubForClientInPlane|Any CPU.ActiveCfg = UseHubForClientInPlane|Any CPU
		{AD8DDF03-2484-43D6-B68A-F34EB70B1EDB}.UseHubForClientInPlane|Any CPU.Build.0 = UseHubForClientInPlane|Any CPU
		{814971AB-8B45-4EDF-A529-336CAD3D1ECE}.Debug|Any CPU.ActiveCfg = Debug|Any CPU
		{814971AB-8B45-4EDF-A529-336CAD3D1ECE}.Debug|Any CPU.Build.0 = Debug|Any CPU
		{814971AB-8B45-4EDF-A529-336CAD3D1ECE}.Release|Any CPU.ActiveCfg = Release|Any CPU
		{814971AB-8B45-4EDF-A529-336CAD3D1ECE}.Release|Any CPU.Build.0 = Release|Any CPU
		{814971AB-8B45-4EDF-A529-336CAD3D1ECE}.UseHubForClientInPlane|Any CPU.ActiveCfg = UseHubForClientInPlane|Any CPU
		{814971AB-8B45-4EDF-A529-336CAD3D1ECE}.UseHubForClientInPlane|Any CPU.Build.0 = UseHubForClientInPlane|Any CPU
		{6C976803-D3F2-44B0-B7F6-6B8AAD8DD333}.Debug|Any CPU.ActiveCfg = Debug|Any CPU
		{6C976803-D3F2-44B0-B7F6-6B8AAD8DD333}.Debug|Any CPU.Build.0 = Debug|Any CPU
		{6C976803-D3F2-44B0-B7F6-6B8AAD8DD333}.Release|Any CPU.ActiveCfg = Release|Any CPU
		{6C976803-D3F2-44B0-B7F6-6B8AAD8DD333}.Release|Any CPU.Build.0 = Release|Any CPU
		{6C976803-D3F2-44B0-B7F6-6B8AAD8DD333}.UseHubForClientInPlane|Any CPU.ActiveCfg = UseHubForClientInPlane|Any CPU
		{6C976803-D3F2-44B0-B7F6-6B8AAD8DD333}.UseHubForClientInPlane|Any CPU.Build.0 = UseHubForClientInPlane|Any CPU
		{99D1E791-6C11-4512-9779-1540FCAAA18C}.Debug|Any CPU.ActiveCfg = Debug|Any CPU
		{99D1E791-6C11-4512-9779-1540FCAAA18C}.Debug|Any CPU.Build.0 = Debug|Any CPU
		{99D1E791-6C11-4512-9779-1540FCAAA18C}.Release|Any CPU.ActiveCfg = Release|Any CPU
		{99D1E791-6C11-4512-9779-1540FCAAA18C}.Release|Any CPU.Build.0 = Release|Any CPU
		{99D1E791-6C11-4512-9779-1540FCAAA18C}.UseHubForClientInPlane|Any CPU.ActiveCfg = UseHubForClientInPlane|Any CPU
		{99D1E791-6C11-4512-9779-1540FCAAA18C}.UseHubForClientInPlane|Any CPU.Build.0 = UseHubForClientInPlane|Any CPU
		{56D0D92E-471F-48F9-B0C1-A801BCE01F9B}.Debug|Any CPU.ActiveCfg = Debug|Any CPU
		{56D0D92E-471F-48F9-B0C1-A801BCE01F9B}.Debug|Any CPU.Build.0 = Debug|Any CPU
		{56D0D92E-471F-48F9-B0C1-A801BCE01F9B}.Release|Any CPU.ActiveCfg = Release|Any CPU
		{56D0D92E-471F-48F9-B0C1-A801BCE01F9B}.Release|Any CPU.Build.0 = Release|Any CPU
		{56D0D92E-471F-48F9-B0C1-A801BCE01F9B}.UseHubForClientInPlane|Any CPU.ActiveCfg = UseHubForClientInPlane|Any CPU
		{56D0D92E-471F-48F9-B0C1-A801BCE01F9B}.UseHubForClientInPlane|Any CPU.Build.0 = UseHubForClientInPlane|Any CPU
		{CE148486-D27F-454B-9C08-FBFF4196FA1E}.Debug|Any CPU.ActiveCfg = Debug|Any CPU
		{CE148486-D27F-454B-9C08-FBFF4196FA1E}.Debug|Any CPU.Build.0 = Debug|Any CPU
		{CE148486-D27F-454B-9C08-FBFF4196FA1E}.Release|Any CPU.ActiveCfg = Release|Any CPU
		{CE148486-D27F-454B-9C08-FBFF4196FA1E}.Release|Any CPU.Build.0 = Release|Any CPU
		{CE148486-D27F-454B-9C08-FBFF4196FA1E}.UseHubForClientInPlane|Any CPU.ActiveCfg = Debug|Any CPU
		{CE148486-D27F-454B-9C08-FBFF4196FA1E}.UseHubForClientInPlane|Any CPU.Build.0 = Debug|Any CPU
		{D9E36F25-D17E-4E5D-9A42-F531824D74B0}.Debug|Any CPU.ActiveCfg = Debug|Any CPU
		{D9E36F25-D17E-4E5D-9A42-F531824D74B0}.Debug|Any CPU.Build.0 = Debug|Any CPU
		{D9E36F25-D17E-4E5D-9A42-F531824D74B0}.Release|Any CPU.ActiveCfg = Release|Any CPU
		{D9E36F25-D17E-4E5D-9A42-F531824D74B0}.Release|Any CPU.Build.0 = Release|Any CPU
		{D9E36F25-D17E-4E5D-9A42-F531824D74B0}.UseHubForClientInPlane|Any CPU.ActiveCfg = Debug|Any CPU
		{D9E36F25-D17E-4E5D-9A42-F531824D74B0}.UseHubForClientInPlane|Any CPU.Build.0 = Debug|Any CPU
		{081BD76F-0C3B-4BEE-80E5-F4532DAB2510}.Debug|Any CPU.ActiveCfg = Debug|Any CPU
		{081BD76F-0C3B-4BEE-80E5-F4532DAB2510}.Debug|Any CPU.Build.0 = Debug|Any CPU
		{081BD76F-0C3B-4BEE-80E5-F4532DAB2510}.Release|Any CPU.ActiveCfg = Release|Any CPU
		{081BD76F-0C3B-4BEE-80E5-F4532DAB2510}.Release|Any CPU.Build.0 = Release|Any CPU
		{081BD76F-0C3B-4BEE-80E5-F4532DAB2510}.UseHubForClientInPlane|Any CPU.ActiveCfg = Debug|Any CPU
		{081BD76F-0C3B-4BEE-80E5-F4532DAB2510}.UseHubForClientInPlane|Any CPU.Build.0 = Debug|Any CPU
		{69FE9956-8763-458D-B5A7-43A2452A9325}.Debug|Any CPU.ActiveCfg = Debug|Any CPU
		{69FE9956-8763-458D-B5A7-43A2452A9325}.Debug|Any CPU.Build.0 = Debug|Any CPU
		{69FE9956-8763-458D-B5A7-43A2452A9325}.Release|Any CPU.ActiveCfg = Release|Any CPU
		{69FE9956-8763-458D-B5A7-43A2452A9325}.Release|Any CPU.Build.0 = Release|Any CPU
		{69FE9956-8763-458D-B5A7-43A2452A9325}.UseHubForClientInPlane|Any CPU.ActiveCfg = Debug|Any CPU
		{69FE9956-8763-458D-B5A7-43A2452A9325}.UseHubForClientInPlane|Any CPU.Build.0 = Debug|Any CPU
		{B726736C-2448-415E-B898-107418DF63F5}.Debug|Any CPU.ActiveCfg = Debug|Any CPU
		{B726736C-2448-415E-B898-107418DF63F5}.Debug|Any CPU.Build.0 = Debug|Any CPU
		{B726736C-2448-415E-B898-107418DF63F5}.Release|Any CPU.ActiveCfg = Release|Any CPU
		{B726736C-2448-415E-B898-107418DF63F5}.Release|Any CPU.Build.0 = Release|Any CPU
		{B726736C-2448-415E-B898-107418DF63F5}.UseHubForClientInPlane|Any CPU.ActiveCfg = Debug|Any CPU
		{B726736C-2448-415E-B898-107418DF63F5}.UseHubForClientInPlane|Any CPU.Build.0 = Debug|Any CPU
		{2FF9C177-29E2-4CDD-B983-BD53EA39923D}.Debug|Any CPU.ActiveCfg = Debug|Any CPU
		{2FF9C177-29E2-4CDD-B983-BD53EA39923D}.Debug|Any CPU.Build.0 = Debug|Any CPU
		{2FF9C177-29E2-4CDD-B983-BD53EA39923D}.Release|Any CPU.ActiveCfg = Release|Any CPU
		{2FF9C177-29E2-4CDD-B983-BD53EA39923D}.Release|Any CPU.Build.0 = Release|Any CPU
		{2FF9C177-29E2-4CDD-B983-BD53EA39923D}.UseHubForClientInPlane|Any CPU.ActiveCfg = Debug|Any CPU
		{2FF9C177-29E2-4CDD-B983-BD53EA39923D}.UseHubForClientInPlane|Any CPU.Build.0 = Debug|Any CPU
		{61DBA373-AE99-44A1-9FAE-C8A7F3D144BD}.Debug|Any CPU.ActiveCfg = Debug|Any CPU
		{61DBA373-AE99-44A1-9FAE-C8A7F3D144BD}.Debug|Any CPU.Build.0 = Debug|Any CPU
		{61DBA373-AE99-44A1-9FAE-C8A7F3D144BD}.Release|Any CPU.ActiveCfg = Release|Any CPU
		{61DBA373-AE99-44A1-9FAE-C8A7F3D144BD}.Release|Any CPU.Build.0 = Release|Any CPU
		{61DBA373-AE99-44A1-9FAE-C8A7F3D144BD}.UseHubForClientInPlane|Any CPU.ActiveCfg = Debug|Any CPU
		{61DBA373-AE99-44A1-9FAE-C8A7F3D144BD}.UseHubForClientInPlane|Any CPU.Build.0 = Debug|Any CPU
		{125EFCA4-6744-4434-B0CE-0C884F2CFB59}.Debug|Any CPU.ActiveCfg = Debug|Any CPU
		{125EFCA4-6744-4434-B0CE-0C884F2CFB59}.Debug|Any CPU.Build.0 = Debug|Any CPU
		{125EFCA4-6744-4434-B0CE-0C884F2CFB59}.Release|Any CPU.ActiveCfg = Release|Any CPU
		{125EFCA4-6744-4434-B0CE-0C884F2CFB59}.Release|Any CPU.Build.0 = Release|Any CPU
		{125EFCA4-6744-4434-B0CE-0C884F2CFB59}.UseHubForClientInPlane|Any CPU.ActiveCfg = Debug|Any CPU
		{125EFCA4-6744-4434-B0CE-0C884F2CFB59}.UseHubForClientInPlane|Any CPU.Build.0 = Debug|Any CPU
		{703EB9FC-5FBD-46EB-9CAF-F73355D5BD94}.Debug|Any CPU.ActiveCfg = Debug|Any CPU
		{703EB9FC-5FBD-46EB-9CAF-F73355D5BD94}.Debug|Any CPU.Build.0 = Debug|Any CPU
		{703EB9FC-5FBD-46EB-9CAF-F73355D5BD94}.Release|Any CPU.ActiveCfg = Release|Any CPU
		{703EB9FC-5FBD-46EB-9CAF-F73355D5BD94}.Release|Any CPU.Build.0 = Release|Any CPU
		{703EB9FC-5FBD-46EB-9CAF-F73355D5BD94}.UseHubForClientInPlane|Any CPU.ActiveCfg = Debug|Any CPU
		{703EB9FC-5FBD-46EB-9CAF-F73355D5BD94}.UseHubForClientInPlane|Any CPU.Build.0 = Debug|Any CPU
		{41B96F58-D025-4732-8EEA-9CE9B19A15B5}.Debug|Any CPU.ActiveCfg = Debug|Any CPU
		{41B96F58-D025-4732-8EEA-9CE9B19A15B5}.Debug|Any CPU.Build.0 = Debug|Any CPU
		{41B96F58-D025-4732-8EEA-9CE9B19A15B5}.Release|Any CPU.ActiveCfg = Release|Any CPU
		{41B96F58-D025-4732-8EEA-9CE9B19A15B5}.Release|Any CPU.Build.0 = Release|Any CPU
		{41B96F58-D025-4732-8EEA-9CE9B19A15B5}.UseHubForClientInPlane|Any CPU.ActiveCfg = Debug|Any CPU
		{41B96F58-D025-4732-8EEA-9CE9B19A15B5}.UseHubForClientInPlane|Any CPU.Build.0 = Debug|Any CPU
		{6DB33A2E-C401-4E3C-8EEF-2FE5FF9C8938}.Debug|Any CPU.ActiveCfg = Debug|Any CPU
		{6DB33A2E-C401-4E3C-8EEF-2FE5FF9C8938}.Debug|Any CPU.Build.0 = Debug|Any CPU
		{6DB33A2E-C401-4E3C-8EEF-2FE5FF9C8938}.Release|Any CPU.ActiveCfg = Release|Any CPU
		{6DB33A2E-C401-4E3C-8EEF-2FE5FF9C8938}.Release|Any CPU.Build.0 = Release|Any CPU
		{6DB33A2E-C401-4E3C-8EEF-2FE5FF9C8938}.UseHubForClientInPlane|Any CPU.ActiveCfg = Debug|Any CPU
		{6DB33A2E-C401-4E3C-8EEF-2FE5FF9C8938}.UseHubForClientInPlane|Any CPU.Build.0 = Debug|Any CPU
		{F2805587-2AB8-4EA9-B309-9B927B865179}.Debug|Any CPU.ActiveCfg = Debug|Any CPU
		{F2805587-2AB8-4EA9-B309-9B927B865179}.Debug|Any CPU.Build.0 = Debug|Any CPU
		{F2805587-2AB8-4EA9-B309-9B927B865179}.Release|Any CPU.ActiveCfg = Release|Any CPU
		{F2805587-2AB8-4EA9-B309-9B927B865179}.Release|Any CPU.Build.0 = Release|Any CPU
		{F2805587-2AB8-4EA9-B309-9B927B865179}.UseHubForClientInPlane|Any CPU.ActiveCfg = Debug|Any CPU
		{F2805587-2AB8-4EA9-B309-9B927B865179}.UseHubForClientInPlane|Any CPU.Build.0 = Debug|Any CPU
	EndGlobalSection
	GlobalSection(SolutionProperties) = preSolution
		HideSolutionNode = FALSE
	EndGlobalSection
	GlobalSection(NestedProjects) = preSolution
		{2B3C0DF8-44C3-4F12-A248-19C370D32DCE} = {CD137582-30F5-4875-8481-C9017FAC9AE3}
		{3931751C-8C65-4B60-AC65-93E799C751F0} = {EBD788A9-9C14-4751-AF22-5C8928D09525}
		{91A9AE09-5D12-4B93-B9CD-F69732C976B3} = {5D661929-3F9A-4617-8406-46A3C133BB2E}
		{7363EC20-0B47-4BC6-8A33-DCD852346660} = {5D661929-3F9A-4617-8406-46A3C133BB2E}
		{11BE99EE-6C10-48DF-9F01-45D057E5F8C0} = {C9EE7482-A883-4D78-86C1-9575FDF7C1BE}
		{61BC44EC-19C2-44C5-A352-D99F19C832CB} = {F7D547DD-7A5D-4CD0-9AE2-07E6CF683025}
		{AD8DDF03-2484-43D6-B68A-F34EB70B1EDB} = {F7D547DD-7A5D-4CD0-9AE2-07E6CF683025}
		{814971AB-8B45-4EDF-A529-336CAD3D1ECE} = {C9EE7482-A883-4D78-86C1-9575FDF7C1BE}
		{6C976803-D3F2-44B0-B7F6-6B8AAD8DD333} = {CD137582-30F5-4875-8481-C9017FAC9AE3}
		{99D1E791-6C11-4512-9779-1540FCAAA18C} = {416ECC3A-996F-4D16-BE5F-0774094FCA27}
		{56D0D92E-471F-48F9-B0C1-A801BCE01F9B} = {CD137582-30F5-4875-8481-C9017FAC9AE3}
		{CE148486-D27F-454B-9C08-FBFF4196FA1E} = {1DEDDFFC-BA47-4130-BEBE-7C61EDBEAF36}
		{D9E36F25-D17E-4E5D-9A42-F531824D74B0} = {1DEDDFFC-BA47-4130-BEBE-7C61EDBEAF36}
		{081BD76F-0C3B-4BEE-80E5-F4532DAB2510} = {1DEDDFFC-BA47-4130-BEBE-7C61EDBEAF36}
		{69FE9956-8763-458D-B5A7-43A2452A9325} = {1DEDDFFC-BA47-4130-BEBE-7C61EDBEAF36}
		{B726736C-2448-415E-B898-107418DF63F5} = {1DEDDFFC-BA47-4130-BEBE-7C61EDBEAF36}
		{2FF9C177-29E2-4CDD-B983-BD53EA39923D} = {1DEDDFFC-BA47-4130-BEBE-7C61EDBEAF36}
		{61DBA373-AE99-44A1-9FAE-C8A7F3D144BD} = {1DEDDFFC-BA47-4130-BEBE-7C61EDBEAF36}
		{125EFCA4-6744-4434-B0CE-0C884F2CFB59} = {1DEDDFFC-BA47-4130-BEBE-7C61EDBEAF36}
		{703EB9FC-5FBD-46EB-9CAF-F73355D5BD94} = {1DEDDFFC-BA47-4130-BEBE-7C61EDBEAF36}
		{41B96F58-D025-4732-8EEA-9CE9B19A15B5} = {1DEDDFFC-BA47-4130-BEBE-7C61EDBEAF36}
		{6DB33A2E-C401-4E3C-8EEF-2FE5FF9C8938} = {1DEDDFFC-BA47-4130-BEBE-7C61EDBEAF36}
		{F2805587-2AB8-4EA9-B309-9B927B865179} = {1DEDDFFC-BA47-4130-BEBE-7C61EDBEAF36}
	EndGlobalSection
	GlobalSection(ExtensibilityGlobals) = postSolution
		SolutionGuid = {6D07EDEA-2197-4E6C-8665-3D76E7D31E14}
	EndGlobalSection
EndGlobal
