
Microsoft Visual Studio Solution File, Format Version 12.00
# Visual Studio Version 16
VisualStudioVersion = 16.0.29509.3
MinimumVisualStudioVersion = 10.0.40219.1
Project("{2150E333-8FDC-42A3-9474-1A3956D46DE8}") = "Solution Items", "Solution Items", "{F84B47CA-0509-477D-BC79-EC6A10E9AA15}"
	ProjectSection(SolutionItems) = preProject
		Images\LogoBIA.png = Images\LogoBIA.png
	EndProjectSection
EndProject
Project("{9A19103F-16F7-4668-BE54-9A1E7A4F7556}") = "NuGetPackage", "NuGetPackage\NuGetPackage.csproj", "{F9DAC6A5-BB6A-4DB2-BEAF-59CB09A4025F}"
EndProject
Project("{9A19103F-16F7-4668-BE54-9A1E7A4F7556}") = "BIA.Net.Core.Common", "BIA.Net.Core.Common\BIA.Net.Core.Common.csproj", "{F96853F2-1477-4718-84B0-CD3895F97045}"
EndProject
Project("{9A19103F-16F7-4668-BE54-9A1E7A4F7556}") = "BIA.Net.Core.Domain", "BIA.Net.Core.Domain\BIA.Net.Core.Domain.csproj", "{2B57B580-0E61-4D72-94E2-5058B8405DD2}"
EndProject
Project("{9A19103F-16F7-4668-BE54-9A1E7A4F7556}") = "BIA.Net.Core.Infrastructure.Data", "BIA.Net.Core.Infrastructure.Data\BIA.Net.Core.Infrastructure.Data.csproj", "{3901280B-90F6-42D5-8A7B-4C4335CDA21B}"
EndProject
Project("{9A19103F-16F7-4668-BE54-9A1E7A4F7556}") = "BIA.Net.Core.Application", "BIA.Net.Core.Application\BIA.Net.Core.Application.csproj", "{BC8FAD8A-A635-4D09-A14D-02A61B31C663}"
EndProject
Project("{9A19103F-16F7-4668-BE54-9A1E7A4F7556}") = "BIA.Net.Core.Infrastructure.Service", "BIA.Net.Core.Infrastructure.Service\BIA.Net.Core.Infrastructure.Service.csproj", "{A0201696-CA8A-4B18-93F3-48C9A00C512F}"
EndProject
Project("{9A19103F-16F7-4668-BE54-9A1E7A4F7556}") = "BIA.Net.Core.Domain.Dto", "BIA.Net.Core.Domain.Dto\BIA.Net.Core.Domain.Dto.csproj", "{D37214EC-13B5-4836-A5F5-CBB76BED1FC1}"
EndProject
Project("{9A19103F-16F7-4668-BE54-9A1E7A4F7556}") = "BIA.Net.Core.Presentation.Api", "BIA.Net.Core.Presentation.Api\BIA.Net.Core.Presentation.Api.csproj", "{2B2EF580-5E56-4467-BD2D-0B7C53E2D21F}"
EndProject
Project("{9A19103F-16F7-4668-BE54-9A1E7A4F7556}") = "BIA.Net.Core.Ioc", "BIA.Net.Core.Ioc\BIA.Net.Core.Ioc.csproj", "{23DA8CCD-5F18-4D81-911A-77B93B761743}"
EndProject
Project("{9A19103F-16F7-4668-BE54-9A1E7A4F7556}") = "BIA.Net.Core.WorkerService", "BIA.Net.Core.WorkerService\BIA.Net.Core.WorkerService.csproj", "{9BE3C6E2-49E2-4FC8-B8EB-58EC23B427D2}"
EndProject
Project("{9A19103F-16F7-4668-BE54-9A1E7A4F7556}") = "BIA.Net.Core.Test", "BIA.Net.Core.Test\BIA.Net.Core.Test.csproj", "{2A50F8DA-26F2-468C-84CD-D6D1E56F8C4E}"
EndProject
Project("{9A19103F-16F7-4668-BE54-9A1E7A4F7556}") = "BIA.Net.Core.Presentation.Common", "BIA.Net.Core.Presentation.Common\BIA.Net.Core.Presentation.Common.csproj", "{73A00A7B-0629-4E0F-8807-F7DED10E4CCA}"
EndProject
Global
	GlobalSection(SolutionConfigurationPlatforms) = preSolution
		Debug|Any CPU = Debug|Any CPU
		Debug|ARM = Debug|ARM
		Debug|ARM64 = Debug|ARM64
		Debug|x64 = Debug|x64
		Debug|x86 = Debug|x86
		Release|Any CPU = Release|Any CPU
		Release|ARM = Release|ARM
		Release|ARM64 = Release|ARM64
		Release|x64 = Release|x64
		Release|x86 = Release|x86
	EndGlobalSection
	GlobalSection(ProjectConfigurationPlatforms) = postSolution
		{F9DAC6A5-BB6A-4DB2-BEAF-59CB09A4025F}.Debug|Any CPU.ActiveCfg = Debug|Any CPU
		{F9DAC6A5-BB6A-4DB2-BEAF-59CB09A4025F}.Debug|Any CPU.Build.0 = Debug|Any CPU
		{F9DAC6A5-BB6A-4DB2-BEAF-59CB09A4025F}.Debug|ARM.ActiveCfg = Debug|Any CPU
		{F9DAC6A5-BB6A-4DB2-BEAF-59CB09A4025F}.Debug|ARM.Build.0 = Debug|Any CPU
		{F9DAC6A5-BB6A-4DB2-BEAF-59CB09A4025F}.Debug|ARM64.ActiveCfg = Debug|Any CPU
		{F9DAC6A5-BB6A-4DB2-BEAF-59CB09A4025F}.Debug|ARM64.Build.0 = Debug|Any CPU
		{F9DAC6A5-BB6A-4DB2-BEAF-59CB09A4025F}.Debug|x64.ActiveCfg = Debug|Any CPU
		{F9DAC6A5-BB6A-4DB2-BEAF-59CB09A4025F}.Debug|x64.Build.0 = Debug|Any CPU
		{F9DAC6A5-BB6A-4DB2-BEAF-59CB09A4025F}.Debug|x86.ActiveCfg = Debug|Any CPU
		{F9DAC6A5-BB6A-4DB2-BEAF-59CB09A4025F}.Debug|x86.Build.0 = Debug|Any CPU
		{F9DAC6A5-BB6A-4DB2-BEAF-59CB09A4025F}.Release|Any CPU.ActiveCfg = Release|Any CPU
		{F9DAC6A5-BB6A-4DB2-BEAF-59CB09A4025F}.Release|Any CPU.Build.0 = Release|Any CPU
		{F9DAC6A5-BB6A-4DB2-BEAF-59CB09A4025F}.Release|ARM.ActiveCfg = Release|Any CPU
		{F9DAC6A5-BB6A-4DB2-BEAF-59CB09A4025F}.Release|ARM.Build.0 = Release|Any CPU
		{F9DAC6A5-BB6A-4DB2-BEAF-59CB09A4025F}.Release|ARM64.ActiveCfg = Release|Any CPU
		{F9DAC6A5-BB6A-4DB2-BEAF-59CB09A4025F}.Release|ARM64.Build.0 = Release|Any CPU
		{F9DAC6A5-BB6A-4DB2-BEAF-59CB09A4025F}.Release|x64.ActiveCfg = Release|Any CPU
		{F9DAC6A5-BB6A-4DB2-BEAF-59CB09A4025F}.Release|x64.Build.0 = Release|Any CPU
		{F9DAC6A5-BB6A-4DB2-BEAF-59CB09A4025F}.Release|x86.ActiveCfg = Release|Any CPU
		{F9DAC6A5-BB6A-4DB2-BEAF-59CB09A4025F}.Release|x86.Build.0 = Release|Any CPU
		{F96853F2-1477-4718-84B0-CD3895F97045}.Debug|Any CPU.ActiveCfg = Debug|Any CPU
		{F96853F2-1477-4718-84B0-CD3895F97045}.Debug|Any CPU.Build.0 = Debug|Any CPU
		{F96853F2-1477-4718-84B0-CD3895F97045}.Debug|ARM.ActiveCfg = Debug|Any CPU
		{F96853F2-1477-4718-84B0-CD3895F97045}.Debug|ARM.Build.0 = Debug|Any CPU
		{F96853F2-1477-4718-84B0-CD3895F97045}.Debug|ARM64.ActiveCfg = Debug|Any CPU
		{F96853F2-1477-4718-84B0-CD3895F97045}.Debug|ARM64.Build.0 = Debug|Any CPU
		{F96853F2-1477-4718-84B0-CD3895F97045}.Debug|x64.ActiveCfg = Debug|Any CPU
		{F96853F2-1477-4718-84B0-CD3895F97045}.Debug|x64.Build.0 = Debug|Any CPU
		{F96853F2-1477-4718-84B0-CD3895F97045}.Debug|x86.ActiveCfg = Debug|Any CPU
		{F96853F2-1477-4718-84B0-CD3895F97045}.Debug|x86.Build.0 = Debug|Any CPU
		{F96853F2-1477-4718-84B0-CD3895F97045}.Release|Any CPU.ActiveCfg = Release|Any CPU
		{F96853F2-1477-4718-84B0-CD3895F97045}.Release|Any CPU.Build.0 = Release|Any CPU
		{F96853F2-1477-4718-84B0-CD3895F97045}.Release|ARM.ActiveCfg = Release|Any CPU
		{F96853F2-1477-4718-84B0-CD3895F97045}.Release|ARM.Build.0 = Release|Any CPU
		{F96853F2-1477-4718-84B0-CD3895F97045}.Release|ARM64.ActiveCfg = Release|Any CPU
		{F96853F2-1477-4718-84B0-CD3895F97045}.Release|ARM64.Build.0 = Release|Any CPU
		{F96853F2-1477-4718-84B0-CD3895F97045}.Release|x64.ActiveCfg = Release|Any CPU
		{F96853F2-1477-4718-84B0-CD3895F97045}.Release|x64.Build.0 = Release|Any CPU
		{F96853F2-1477-4718-84B0-CD3895F97045}.Release|x86.ActiveCfg = Release|Any CPU
		{F96853F2-1477-4718-84B0-CD3895F97045}.Release|x86.Build.0 = Release|Any CPU
		{2B57B580-0E61-4D72-94E2-5058B8405DD2}.Debug|Any CPU.ActiveCfg = Debug|Any CPU
		{2B57B580-0E61-4D72-94E2-5058B8405DD2}.Debug|Any CPU.Build.0 = Debug|Any CPU
		{2B57B580-0E61-4D72-94E2-5058B8405DD2}.Debug|ARM.ActiveCfg = Debug|Any CPU
		{2B57B580-0E61-4D72-94E2-5058B8405DD2}.Debug|ARM.Build.0 = Debug|Any CPU
		{2B57B580-0E61-4D72-94E2-5058B8405DD2}.Debug|ARM64.ActiveCfg = Debug|Any CPU
		{2B57B580-0E61-4D72-94E2-5058B8405DD2}.Debug|ARM64.Build.0 = Debug|Any CPU
		{2B57B580-0E61-4D72-94E2-5058B8405DD2}.Debug|x64.ActiveCfg = Debug|Any CPU
		{2B57B580-0E61-4D72-94E2-5058B8405DD2}.Debug|x64.Build.0 = Debug|Any CPU
		{2B57B580-0E61-4D72-94E2-5058B8405DD2}.Debug|x86.ActiveCfg = Debug|Any CPU
		{2B57B580-0E61-4D72-94E2-5058B8405DD2}.Debug|x86.Build.0 = Debug|Any CPU
		{2B57B580-0E61-4D72-94E2-5058B8405DD2}.Release|Any CPU.ActiveCfg = Release|Any CPU
		{2B57B580-0E61-4D72-94E2-5058B8405DD2}.Release|Any CPU.Build.0 = Release|Any CPU
		{2B57B580-0E61-4D72-94E2-5058B8405DD2}.Release|ARM.ActiveCfg = Release|Any CPU
		{2B57B580-0E61-4D72-94E2-5058B8405DD2}.Release|ARM.Build.0 = Release|Any CPU
		{2B57B580-0E61-4D72-94E2-5058B8405DD2}.Release|ARM64.ActiveCfg = Release|Any CPU
		{2B57B580-0E61-4D72-94E2-5058B8405DD2}.Release|ARM64.Build.0 = Release|Any CPU
		{2B57B580-0E61-4D72-94E2-5058B8405DD2}.Release|x64.ActiveCfg = Release|Any CPU
		{2B57B580-0E61-4D72-94E2-5058B8405DD2}.Release|x64.Build.0 = Release|Any CPU
		{2B57B580-0E61-4D72-94E2-5058B8405DD2}.Release|x86.ActiveCfg = Release|Any CPU
		{2B57B580-0E61-4D72-94E2-5058B8405DD2}.Release|x86.Build.0 = Release|Any CPU
		{3901280B-90F6-42D5-8A7B-4C4335CDA21B}.Debug|Any CPU.ActiveCfg = Debug|Any CPU
		{3901280B-90F6-42D5-8A7B-4C4335CDA21B}.Debug|Any CPU.Build.0 = Debug|Any CPU
		{3901280B-90F6-42D5-8A7B-4C4335CDA21B}.Debug|ARM.ActiveCfg = Debug|Any CPU
		{3901280B-90F6-42D5-8A7B-4C4335CDA21B}.Debug|ARM.Build.0 = Debug|Any CPU
		{3901280B-90F6-42D5-8A7B-4C4335CDA21B}.Debug|ARM64.ActiveCfg = Debug|Any CPU
		{3901280B-90F6-42D5-8A7B-4C4335CDA21B}.Debug|ARM64.Build.0 = Debug|Any CPU
		{3901280B-90F6-42D5-8A7B-4C4335CDA21B}.Debug|x64.ActiveCfg = Debug|Any CPU
		{3901280B-90F6-42D5-8A7B-4C4335CDA21B}.Debug|x64.Build.0 = Debug|Any CPU
		{3901280B-90F6-42D5-8A7B-4C4335CDA21B}.Debug|x86.ActiveCfg = Debug|Any CPU
		{3901280B-90F6-42D5-8A7B-4C4335CDA21B}.Debug|x86.Build.0 = Debug|Any CPU
		{3901280B-90F6-42D5-8A7B-4C4335CDA21B}.Release|Any CPU.ActiveCfg = Release|Any CPU
		{3901280B-90F6-42D5-8A7B-4C4335CDA21B}.Release|Any CPU.Build.0 = Release|Any CPU
		{3901280B-90F6-42D5-8A7B-4C4335CDA21B}.Release|ARM.ActiveCfg = Release|Any CPU
		{3901280B-90F6-42D5-8A7B-4C4335CDA21B}.Release|ARM.Build.0 = Release|Any CPU
		{3901280B-90F6-42D5-8A7B-4C4335CDA21B}.Release|ARM64.ActiveCfg = Release|Any CPU
		{3901280B-90F6-42D5-8A7B-4C4335CDA21B}.Release|ARM64.Build.0 = Release|Any CPU
		{3901280B-90F6-42D5-8A7B-4C4335CDA21B}.Release|x64.ActiveCfg = Release|Any CPU
		{3901280B-90F6-42D5-8A7B-4C4335CDA21B}.Release|x64.Build.0 = Release|Any CPU
		{3901280B-90F6-42D5-8A7B-4C4335CDA21B}.Release|x86.ActiveCfg = Release|Any CPU
		{3901280B-90F6-42D5-8A7B-4C4335CDA21B}.Release|x86.Build.0 = Release|Any CPU
		{BC8FAD8A-A635-4D09-A14D-02A61B31C663}.Debug|Any CPU.ActiveCfg = Debug|Any CPU
		{BC8FAD8A-A635-4D09-A14D-02A61B31C663}.Debug|Any CPU.Build.0 = Debug|Any CPU
		{BC8FAD8A-A635-4D09-A14D-02A61B31C663}.Debug|ARM.ActiveCfg = Debug|Any CPU
		{BC8FAD8A-A635-4D09-A14D-02A61B31C663}.Debug|ARM.Build.0 = Debug|Any CPU
		{BC8FAD8A-A635-4D09-A14D-02A61B31C663}.Debug|ARM64.ActiveCfg = Debug|Any CPU
		{BC8FAD8A-A635-4D09-A14D-02A61B31C663}.Debug|ARM64.Build.0 = Debug|Any CPU
		{BC8FAD8A-A635-4D09-A14D-02A61B31C663}.Debug|x64.ActiveCfg = Debug|Any CPU
		{BC8FAD8A-A635-4D09-A14D-02A61B31C663}.Debug|x64.Build.0 = Debug|Any CPU
		{BC8FAD8A-A635-4D09-A14D-02A61B31C663}.Debug|x86.ActiveCfg = Debug|Any CPU
		{BC8FAD8A-A635-4D09-A14D-02A61B31C663}.Debug|x86.Build.0 = Debug|Any CPU
		{BC8FAD8A-A635-4D09-A14D-02A61B31C663}.Release|Any CPU.ActiveCfg = Release|Any CPU
		{BC8FAD8A-A635-4D09-A14D-02A61B31C663}.Release|Any CPU.Build.0 = Release|Any CPU
		{BC8FAD8A-A635-4D09-A14D-02A61B31C663}.Release|ARM.ActiveCfg = Release|Any CPU
		{BC8FAD8A-A635-4D09-A14D-02A61B31C663}.Release|ARM.Build.0 = Release|Any CPU
		{BC8FAD8A-A635-4D09-A14D-02A61B31C663}.Release|ARM64.ActiveCfg = Release|Any CPU
		{BC8FAD8A-A635-4D09-A14D-02A61B31C663}.Release|ARM64.Build.0 = Release|Any CPU
		{BC8FAD8A-A635-4D09-A14D-02A61B31C663}.Release|x64.ActiveCfg = Release|Any CPU
		{BC8FAD8A-A635-4D09-A14D-02A61B31C663}.Release|x64.Build.0 = Release|Any CPU
		{BC8FAD8A-A635-4D09-A14D-02A61B31C663}.Release|x86.ActiveCfg = Release|Any CPU
		{BC8FAD8A-A635-4D09-A14D-02A61B31C663}.Release|x86.Build.0 = Release|Any CPU
		{A0201696-CA8A-4B18-93F3-48C9A00C512F}.Debug|Any CPU.ActiveCfg = Debug|Any CPU
		{A0201696-CA8A-4B18-93F3-48C9A00C512F}.Debug|Any CPU.Build.0 = Debug|Any CPU
		{A0201696-CA8A-4B18-93F3-48C9A00C512F}.Debug|ARM.ActiveCfg = Debug|Any CPU
		{A0201696-CA8A-4B18-93F3-48C9A00C512F}.Debug|ARM.Build.0 = Debug|Any CPU
		{A0201696-CA8A-4B18-93F3-48C9A00C512F}.Debug|ARM64.ActiveCfg = Debug|Any CPU
		{A0201696-CA8A-4B18-93F3-48C9A00C512F}.Debug|ARM64.Build.0 = Debug|Any CPU
		{A0201696-CA8A-4B18-93F3-48C9A00C512F}.Debug|x64.ActiveCfg = Debug|Any CPU
		{A0201696-CA8A-4B18-93F3-48C9A00C512F}.Debug|x64.Build.0 = Debug|Any CPU
		{A0201696-CA8A-4B18-93F3-48C9A00C512F}.Debug|x86.ActiveCfg = Debug|Any CPU
		{A0201696-CA8A-4B18-93F3-48C9A00C512F}.Debug|x86.Build.0 = Debug|Any CPU
		{A0201696-CA8A-4B18-93F3-48C9A00C512F}.Release|Any CPU.ActiveCfg = Release|Any CPU
		{A0201696-CA8A-4B18-93F3-48C9A00C512F}.Release|Any CPU.Build.0 = Release|Any CPU
		{A0201696-CA8A-4B18-93F3-48C9A00C512F}.Release|ARM.ActiveCfg = Release|Any CPU
		{A0201696-CA8A-4B18-93F3-48C9A00C512F}.Release|ARM.Build.0 = Release|Any CPU
		{A0201696-CA8A-4B18-93F3-48C9A00C512F}.Release|ARM64.ActiveCfg = Release|Any CPU
		{A0201696-CA8A-4B18-93F3-48C9A00C512F}.Release|ARM64.Build.0 = Release|Any CPU
		{A0201696-CA8A-4B18-93F3-48C9A00C512F}.Release|x64.ActiveCfg = Release|Any CPU
		{A0201696-CA8A-4B18-93F3-48C9A00C512F}.Release|x64.Build.0 = Release|Any CPU
		{A0201696-CA8A-4B18-93F3-48C9A00C512F}.Release|x86.ActiveCfg = Release|Any CPU
		{A0201696-CA8A-4B18-93F3-48C9A00C512F}.Release|x86.Build.0 = Release|Any CPU
		{D37214EC-13B5-4836-A5F5-CBB76BED1FC1}.Debug|Any CPU.ActiveCfg = Debug|Any CPU
		{D37214EC-13B5-4836-A5F5-CBB76BED1FC1}.Debug|Any CPU.Build.0 = Debug|Any CPU
		{D37214EC-13B5-4836-A5F5-CBB76BED1FC1}.Debug|ARM.ActiveCfg = Debug|Any CPU
		{D37214EC-13B5-4836-A5F5-CBB76BED1FC1}.Debug|ARM.Build.0 = Debug|Any CPU
		{D37214EC-13B5-4836-A5F5-CBB76BED1FC1}.Debug|ARM64.ActiveCfg = Debug|Any CPU
		{D37214EC-13B5-4836-A5F5-CBB76BED1FC1}.Debug|ARM64.Build.0 = Debug|Any CPU
		{D37214EC-13B5-4836-A5F5-CBB76BED1FC1}.Debug|x64.ActiveCfg = Debug|Any CPU
		{D37214EC-13B5-4836-A5F5-CBB76BED1FC1}.Debug|x64.Build.0 = Debug|Any CPU
		{D37214EC-13B5-4836-A5F5-CBB76BED1FC1}.Debug|x86.ActiveCfg = Debug|Any CPU
		{D37214EC-13B5-4836-A5F5-CBB76BED1FC1}.Debug|x86.Build.0 = Debug|Any CPU
		{D37214EC-13B5-4836-A5F5-CBB76BED1FC1}.Release|Any CPU.ActiveCfg = Release|Any CPU
		{D37214EC-13B5-4836-A5F5-CBB76BED1FC1}.Release|Any CPU.Build.0 = Release|Any CPU
		{D37214EC-13B5-4836-A5F5-CBB76BED1FC1}.Release|ARM.ActiveCfg = Release|Any CPU
		{D37214EC-13B5-4836-A5F5-CBB76BED1FC1}.Release|ARM.Build.0 = Release|Any CPU
		{D37214EC-13B5-4836-A5F5-CBB76BED1FC1}.Release|ARM64.ActiveCfg = Release|Any CPU
		{D37214EC-13B5-4836-A5F5-CBB76BED1FC1}.Release|ARM64.Build.0 = Release|Any CPU
		{D37214EC-13B5-4836-A5F5-CBB76BED1FC1}.Release|x64.ActiveCfg = Release|Any CPU
		{D37214EC-13B5-4836-A5F5-CBB76BED1FC1}.Release|x64.Build.0 = Release|Any CPU
		{D37214EC-13B5-4836-A5F5-CBB76BED1FC1}.Release|x86.ActiveCfg = Release|Any CPU
		{D37214EC-13B5-4836-A5F5-CBB76BED1FC1}.Release|x86.Build.0 = Release|Any CPU
		{2B2EF580-5E56-4467-BD2D-0B7C53E2D21F}.Debug|Any CPU.ActiveCfg = Debug|Any CPU
		{2B2EF580-5E56-4467-BD2D-0B7C53E2D21F}.Debug|Any CPU.Build.0 = Debug|Any CPU
		{2B2EF580-5E56-4467-BD2D-0B7C53E2D21F}.Debug|ARM.ActiveCfg = Debug|Any CPU
		{2B2EF580-5E56-4467-BD2D-0B7C53E2D21F}.Debug|ARM.Build.0 = Debug|Any CPU
		{2B2EF580-5E56-4467-BD2D-0B7C53E2D21F}.Debug|ARM64.ActiveCfg = Debug|Any CPU
		{2B2EF580-5E56-4467-BD2D-0B7C53E2D21F}.Debug|ARM64.Build.0 = Debug|Any CPU
		{2B2EF580-5E56-4467-BD2D-0B7C53E2D21F}.Debug|x64.ActiveCfg = Debug|Any CPU
		{2B2EF580-5E56-4467-BD2D-0B7C53E2D21F}.Debug|x64.Build.0 = Debug|Any CPU
		{2B2EF580-5E56-4467-BD2D-0B7C53E2D21F}.Debug|x86.ActiveCfg = Debug|Any CPU
		{2B2EF580-5E56-4467-BD2D-0B7C53E2D21F}.Debug|x86.Build.0 = Debug|Any CPU
		{2B2EF580-5E56-4467-BD2D-0B7C53E2D21F}.Release|Any CPU.ActiveCfg = Release|Any CPU
		{2B2EF580-5E56-4467-BD2D-0B7C53E2D21F}.Release|Any CPU.Build.0 = Release|Any CPU
		{2B2EF580-5E56-4467-BD2D-0B7C53E2D21F}.Release|ARM.ActiveCfg = Release|Any CPU
		{2B2EF580-5E56-4467-BD2D-0B7C53E2D21F}.Release|ARM.Build.0 = Release|Any CPU
		{2B2EF580-5E56-4467-BD2D-0B7C53E2D21F}.Release|ARM64.ActiveCfg = Release|Any CPU
		{2B2EF580-5E56-4467-BD2D-0B7C53E2D21F}.Release|ARM64.Build.0 = Release|Any CPU
		{2B2EF580-5E56-4467-BD2D-0B7C53E2D21F}.Release|x64.ActiveCfg = Release|Any CPU
		{2B2EF580-5E56-4467-BD2D-0B7C53E2D21F}.Release|x64.Build.0 = Release|Any CPU
		{2B2EF580-5E56-4467-BD2D-0B7C53E2D21F}.Release|x86.ActiveCfg = Release|Any CPU
		{2B2EF580-5E56-4467-BD2D-0B7C53E2D21F}.Release|x86.Build.0 = Release|Any CPU
		{23DA8CCD-5F18-4D81-911A-77B93B761743}.Debug|Any CPU.ActiveCfg = Debug|Any CPU
		{23DA8CCD-5F18-4D81-911A-77B93B761743}.Debug|Any CPU.Build.0 = Debug|Any CPU
		{23DA8CCD-5F18-4D81-911A-77B93B761743}.Debug|ARM.ActiveCfg = Debug|Any CPU
		{23DA8CCD-5F18-4D81-911A-77B93B761743}.Debug|ARM.Build.0 = Debug|Any CPU
		{23DA8CCD-5F18-4D81-911A-77B93B761743}.Debug|ARM64.ActiveCfg = Debug|Any CPU
		{23DA8CCD-5F18-4D81-911A-77B93B761743}.Debug|ARM64.Build.0 = Debug|Any CPU
		{23DA8CCD-5F18-4D81-911A-77B93B761743}.Debug|x64.ActiveCfg = Debug|Any CPU
		{23DA8CCD-5F18-4D81-911A-77B93B761743}.Debug|x64.Build.0 = Debug|Any CPU
		{23DA8CCD-5F18-4D81-911A-77B93B761743}.Debug|x86.ActiveCfg = Debug|Any CPU
		{23DA8CCD-5F18-4D81-911A-77B93B761743}.Debug|x86.Build.0 = Debug|Any CPU
		{23DA8CCD-5F18-4D81-911A-77B93B761743}.Release|Any CPU.ActiveCfg = Release|Any CPU
		{23DA8CCD-5F18-4D81-911A-77B93B761743}.Release|Any CPU.Build.0 = Release|Any CPU
		{23DA8CCD-5F18-4D81-911A-77B93B761743}.Release|ARM.ActiveCfg = Release|Any CPU
		{23DA8CCD-5F18-4D81-911A-77B93B761743}.Release|ARM.Build.0 = Release|Any CPU
		{23DA8CCD-5F18-4D81-911A-77B93B761743}.Release|ARM64.ActiveCfg = Release|Any CPU
		{23DA8CCD-5F18-4D81-911A-77B93B761743}.Release|ARM64.Build.0 = Release|Any CPU
		{23DA8CCD-5F18-4D81-911A-77B93B761743}.Release|x64.ActiveCfg = Release|Any CPU
		{23DA8CCD-5F18-4D81-911A-77B93B761743}.Release|x64.Build.0 = Release|Any CPU
		{23DA8CCD-5F18-4D81-911A-77B93B761743}.Release|x86.ActiveCfg = Release|Any CPU
		{23DA8CCD-5F18-4D81-911A-77B93B761743}.Release|x86.Build.0 = Release|Any CPU
		{9BE3C6E2-49E2-4FC8-B8EB-58EC23B427D2}.Debug|Any CPU.ActiveCfg = Debug|Any CPU
		{9BE3C6E2-49E2-4FC8-B8EB-58EC23B427D2}.Debug|Any CPU.Build.0 = Debug|Any CPU
		{9BE3C6E2-49E2-4FC8-B8EB-58EC23B427D2}.Debug|ARM.ActiveCfg = Debug|Any CPU
		{9BE3C6E2-49E2-4FC8-B8EB-58EC23B427D2}.Debug|ARM.Build.0 = Debug|Any CPU
		{9BE3C6E2-49E2-4FC8-B8EB-58EC23B427D2}.Debug|ARM64.ActiveCfg = Debug|Any CPU
		{9BE3C6E2-49E2-4FC8-B8EB-58EC23B427D2}.Debug|ARM64.Build.0 = Debug|Any CPU
		{9BE3C6E2-49E2-4FC8-B8EB-58EC23B427D2}.Debug|x64.ActiveCfg = Debug|Any CPU
		{9BE3C6E2-49E2-4FC8-B8EB-58EC23B427D2}.Debug|x64.Build.0 = Debug|Any CPU
		{9BE3C6E2-49E2-4FC8-B8EB-58EC23B427D2}.Debug|x86.ActiveCfg = Debug|Any CPU
		{9BE3C6E2-49E2-4FC8-B8EB-58EC23B427D2}.Debug|x86.Build.0 = Debug|Any CPU
		{9BE3C6E2-49E2-4FC8-B8EB-58EC23B427D2}.Release|Any CPU.ActiveCfg = Release|Any CPU
		{9BE3C6E2-49E2-4FC8-B8EB-58EC23B427D2}.Release|Any CPU.Build.0 = Release|Any CPU
		{9BE3C6E2-49E2-4FC8-B8EB-58EC23B427D2}.Release|ARM.ActiveCfg = Release|Any CPU
		{9BE3C6E2-49E2-4FC8-B8EB-58EC23B427D2}.Release|ARM.Build.0 = Release|Any CPU
		{9BE3C6E2-49E2-4FC8-B8EB-58EC23B427D2}.Release|ARM64.ActiveCfg = Release|Any CPU
		{9BE3C6E2-49E2-4FC8-B8EB-58EC23B427D2}.Release|ARM64.Build.0 = Release|Any CPU
		{9BE3C6E2-49E2-4FC8-B8EB-58EC23B427D2}.Release|x64.ActiveCfg = Release|Any CPU
		{9BE3C6E2-49E2-4FC8-B8EB-58EC23B427D2}.Release|x64.Build.0 = Release|Any CPU
		{9BE3C6E2-49E2-4FC8-B8EB-58EC23B427D2}.Release|x86.ActiveCfg = Release|Any CPU
		{9BE3C6E2-49E2-4FC8-B8EB-58EC23B427D2}.Release|x86.Build.0 = Release|Any CPU
		{2A50F8DA-26F2-468C-84CD-D6D1E56F8C4E}.Debug|Any CPU.ActiveCfg = Debug|Any CPU
		{2A50F8DA-26F2-468C-84CD-D6D1E56F8C4E}.Debug|Any CPU.Build.0 = Debug|Any CPU
		{2A50F8DA-26F2-468C-84CD-D6D1E56F8C4E}.Debug|ARM.ActiveCfg = Debug|Any CPU
		{2A50F8DA-26F2-468C-84CD-D6D1E56F8C4E}.Debug|ARM.Build.0 = Debug|Any CPU
		{2A50F8DA-26F2-468C-84CD-D6D1E56F8C4E}.Debug|ARM64.ActiveCfg = Debug|Any CPU
		{2A50F8DA-26F2-468C-84CD-D6D1E56F8C4E}.Debug|ARM64.Build.0 = Debug|Any CPU
		{2A50F8DA-26F2-468C-84CD-D6D1E56F8C4E}.Debug|x64.ActiveCfg = Debug|Any CPU
		{2A50F8DA-26F2-468C-84CD-D6D1E56F8C4E}.Debug|x64.Build.0 = Debug|Any CPU
		{2A50F8DA-26F2-468C-84CD-D6D1E56F8C4E}.Debug|x86.ActiveCfg = Debug|Any CPU
		{2A50F8DA-26F2-468C-84CD-D6D1E56F8C4E}.Debug|x86.Build.0 = Debug|Any CPU
		{2A50F8DA-26F2-468C-84CD-D6D1E56F8C4E}.Release|Any CPU.ActiveCfg = Release|Any CPU
		{2A50F8DA-26F2-468C-84CD-D6D1E56F8C4E}.Release|Any CPU.Build.0 = Release|Any CPU
		{2A50F8DA-26F2-468C-84CD-D6D1E56F8C4E}.Release|ARM.ActiveCfg = Release|Any CPU
		{2A50F8DA-26F2-468C-84CD-D6D1E56F8C4E}.Release|ARM.Build.0 = Release|Any CPU
		{2A50F8DA-26F2-468C-84CD-D6D1E56F8C4E}.Release|ARM64.ActiveCfg = Release|Any CPU
		{2A50F8DA-26F2-468C-84CD-D6D1E56F8C4E}.Release|ARM64.Build.0 = Release|Any CPU
		{2A50F8DA-26F2-468C-84CD-D6D1E56F8C4E}.Release|x64.ActiveCfg = Release|Any CPU
		{2A50F8DA-26F2-468C-84CD-D6D1E56F8C4E}.Release|x64.Build.0 = Release|Any CPU
		{2A50F8DA-26F2-468C-84CD-D6D1E56F8C4E}.Release|x86.ActiveCfg = Release|Any CPU
		{2A50F8DA-26F2-468C-84CD-D6D1E56F8C4E}.Release|x86.Build.0 = Release|Any CPU
		{73A00A7B-0629-4E0F-8807-F7DED10E4CCA}.Debug|Any CPU.ActiveCfg = Debug|Any CPU
		{73A00A7B-0629-4E0F-8807-F7DED10E4CCA}.Debug|Any CPU.Build.0 = Debug|Any CPU
		{73A00A7B-0629-4E0F-8807-F7DED10E4CCA}.Debug|ARM.ActiveCfg = Debug|Any CPU
		{73A00A7B-0629-4E0F-8807-F7DED10E4CCA}.Debug|ARM.Build.0 = Debug|Any CPU
		{73A00A7B-0629-4E0F-8807-F7DED10E4CCA}.Debug|ARM64.ActiveCfg = Debug|Any CPU
		{73A00A7B-0629-4E0F-8807-F7DED10E4CCA}.Debug|ARM64.Build.0 = Debug|Any CPU
		{73A00A7B-0629-4E0F-8807-F7DED10E4CCA}.Debug|x64.ActiveCfg = Debug|Any CPU
		{73A00A7B-0629-4E0F-8807-F7DED10E4CCA}.Debug|x64.Build.0 = Debug|Any CPU
		{73A00A7B-0629-4E0F-8807-F7DED10E4CCA}.Debug|x86.ActiveCfg = Debug|Any CPU
		{73A00A7B-0629-4E0F-8807-F7DED10E4CCA}.Debug|x86.Build.0 = Debug|Any CPU
		{73A00A7B-0629-4E0F-8807-F7DED10E4CCA}.Release|Any CPU.ActiveCfg = Release|Any CPU
		{73A00A7B-0629-4E0F-8807-F7DED10E4CCA}.Release|Any CPU.Build.0 = Release|Any CPU
		{73A00A7B-0629-4E0F-8807-F7DED10E4CCA}.Release|ARM.ActiveCfg = Release|Any CPU
		{73A00A7B-0629-4E0F-8807-F7DED10E4CCA}.Release|ARM.Build.0 = Release|Any CPU
		{73A00A7B-0629-4E0F-8807-F7DED10E4CCA}.Release|ARM64.ActiveCfg = Release|Any CPU
		{73A00A7B-0629-4E0F-8807-F7DED10E4CCA}.Release|ARM64.Build.0 = Release|Any CPU
		{73A00A7B-0629-4E0F-8807-F7DED10E4CCA}.Release|x64.ActiveCfg = Release|Any CPU
		{73A00A7B-0629-4E0F-8807-F7DED10E4CCA}.Release|x64.Build.0 = Release|Any CPU
		{73A00A7B-0629-4E0F-8807-F7DED10E4CCA}.Release|x86.ActiveCfg = Release|Any CPU
		{73A00A7B-0629-4E0F-8807-F7DED10E4CCA}.Release|x86.Build.0 = Release|Any CPU
	EndGlobalSection
	GlobalSection(SolutionProperties) = preSolution
		HideSolutionNode = FALSE
	EndGlobalSection
	GlobalSection(ExtensibilityGlobals) = postSolution
		SolutionGuid = {65561525-77B6-4FE1-8571-FDAC1ED6FC5E}
	EndGlobalSection
EndGlobal
